// !$*UTF8*$!
{
	archiveVersion = 1;
	classes = {
	};
	objectVersion = 46;
	objects = {

/* Begin PBXBuildFile section */
		2FA4CE9F1C947E3000EB8AB8 /* Gloss.framework in Frameworks */ = {isa = PBXBuildFile; fileRef = DC39BF611B8A7AD200088CE0 /* Gloss.framework */; };
		DC47CAE01FAE578D006E6F9A /* Comparators.swift in Sources */ = {isa = PBXBuildFile; fileRef = DC47CAC91FAE572D006E6F9A /* Comparators.swift */; };
		DC47CAE11FAE578F006E6F9A /* DecoderTests.swift in Sources */ = {isa = PBXBuildFile; fileRef = DC47CACA1FAE572D006E6F9A /* DecoderTests.swift */; };
		DC47CAE21FAE5792006E6F9A /* EncoderTests.swift in Sources */ = {isa = PBXBuildFile; fileRef = DC47CACB1FAE572D006E6F9A /* EncoderTests.swift */; };
		DC47CAE31FAE5795006E6F9A /* FakeLogger.swift in Sources */ = {isa = PBXBuildFile; fileRef = DC47CACD1FAE572D006E6F9A /* FakeLogger.swift */; };
		DC47CAE41FAE5797006E6F9A /* FlowObjectCreationTests.swift in Sources */ = {isa = PBXBuildFile; fileRef = DC47CACE1FAE572D006E6F9A /* FlowObjectCreationTests.swift */; };
		DC47CAE51FAE5799006E6F9A /* GlossTests.swift in Sources */ = {isa = PBXBuildFile; fileRef = DC47CACF1FAE572D006E6F9A /* GlossTests.swift */; };
		DC47CAE61FAE57A2006E6F9A /* KeyPathTests.swift in Sources */ = {isa = PBXBuildFile; fileRef = DC47CAD11FAE572D006E6F9A /* KeyPathTests.swift */; };
		DC47CAE71FAE57A9006E6F9A /* ObjectToJSONFlowTests.swift in Sources */ = {isa = PBXBuildFile; fileRef = DC47CAD21FAE572D006E6F9A /* ObjectToJSONFlowTests.swift */; };
		DC47CAE91FAE57B1006E6F9A /* OperatorTests.swift in Sources */ = {isa = PBXBuildFile; fileRef = DC47CAD31FAE572D006E6F9A /* OperatorTests.swift */; };
		DC47CAEA1FAE57B6006E6F9A /* TestFailableModel.swift in Sources */ = {isa = PBXBuildFile; fileRef = DC47CAD51FAE572D006E6F9A /* TestFailableModel.swift */; };
		DC47CAEB1FAE57B6006E6F9A /* TestFailableModelInvalid.json in Resources */ = {isa = PBXBuildFile; fileRef = DC47CAD61FAE572D006E6F9A /* TestFailableModelInvalid.json */; };
		DC47CAEC1FAE57B6006E6F9A /* TestFailableModelValid.json in Resources */ = {isa = PBXBuildFile; fileRef = DC47CAD71FAE572D006E6F9A /* TestFailableModelValid.json */; };
		DC47CAED1FAE57B6006E6F9A /* TestKeyPathModel.swift in Sources */ = {isa = PBXBuildFile; fileRef = DC47CAD81FAE572D006E6F9A /* TestKeyPathModel.swift */; };
		DC47CAEE1FAE57B6006E6F9A /* TestKeyPathModelCustomDelimiter.swift in Sources */ = {isa = PBXBuildFile; fileRef = DC47CAD91FAE572D006E6F9A /* TestKeyPathModelCustomDelimiter.swift */; };
		DC47CAEF1FAE57B6006E6F9A /* TestModel.json in Resources */ = {isa = PBXBuildFile; fileRef = DC47CADA1FAE572D006E6F9A /* TestModel.json */; };
		DC47CAF01FAE57B6006E6F9A /* TestModel.swift in Sources */ = {isa = PBXBuildFile; fileRef = DC47CADB1FAE572D006E6F9A /* TestModel.swift */; };
		DC47CAF11FAE57B6006E6F9A /* TestNestedKeyPathModel.swift in Sources */ = {isa = PBXBuildFile; fileRef = DC47CADC1FAE572D006E6F9A /* TestNestedKeyPathModel.swift */; };
		DC47CAF21FAE57B6006E6F9A /* TestNestedModel.swift in Sources */ = {isa = PBXBuildFile; fileRef = DC47CADD1FAE572D006E6F9A /* TestNestedModel.swift */; };
		DC47CAF31FAE57B6006E6F9A /* TestUnknownTypeModel.json in Resources */ = {isa = PBXBuildFile; fileRef = DC47CADE1FAE572D006E6F9A /* TestUnknownTypeModel.json */; };
		DC47CAF41FAE57B6006E6F9A /* TestUnknownTypeModel.swift in Sources */ = {isa = PBXBuildFile; fileRef = DC47CADF1FAE572D006E6F9A /* TestUnknownTypeModel.swift */; };
		DC47CAF51FAE57BE006E6F9A /* Decoder.swift in Sources */ = {isa = PBXBuildFile; fileRef = DC47CAA61FAE56D0006E6F9A /* Decoder.swift */; };
		DC47CAF61FAE57BE006E6F9A /* Encoder.swift in Sources */ = {isa = PBXBuildFile; fileRef = DC47CAA71FAE56D0006E6F9A /* Encoder.swift */; };
		DC47CAF71FAE57BE006E6F9A /* ExtensionArray.swift in Sources */ = {isa = PBXBuildFile; fileRef = DC47CAA81FAE56D0006E6F9A /* ExtensionArray.swift */; };
		DC47CAF81FAE57BE006E6F9A /* ExtensionDecodable.swift in Sources */ = {isa = PBXBuildFile; fileRef = DC47CAA91FAE56D0006E6F9A /* ExtensionDecodable.swift */; };
		DC47CAF91FAE57BE006E6F9A /* ExtensionDictionary.swift in Sources */ = {isa = PBXBuildFile; fileRef = DC47CAAA1FAE56D0006E6F9A /* ExtensionDictionary.swift */; };
		DC47CAFA1FAE57BE006E6F9A /* Gloss.h in Headers */ = {isa = PBXBuildFile; fileRef = DC47CAAB1FAE56D0006E6F9A /* Gloss.h */; settings = {ATTRIBUTES = (Public, ); }; };
		DC47CAFB1FAE57BE006E6F9A /* Gloss.swift in Sources */ = {isa = PBXBuildFile; fileRef = DC47CAAC1FAE56D0006E6F9A /* Gloss.swift */; };
		DC47CAFD1FAE57BE006E6F9A /* Operators.swift in Sources */ = {isa = PBXBuildFile; fileRef = DC47CAAE1FAE56D0006E6F9A /* Operators.swift */; };
		DC47CAFE1FAE57BE006E6F9A /* Decoder.swift in Sources */ = {isa = PBXBuildFile; fileRef = DC47CAA61FAE56D0006E6F9A /* Decoder.swift */; };
		DC47CAFF1FAE57BE006E6F9A /* Encoder.swift in Sources */ = {isa = PBXBuildFile; fileRef = DC47CAA71FAE56D0006E6F9A /* Encoder.swift */; };
		DC47CB001FAE57BE006E6F9A /* ExtensionArray.swift in Sources */ = {isa = PBXBuildFile; fileRef = DC47CAA81FAE56D0006E6F9A /* ExtensionArray.swift */; };
		DC47CB011FAE57BE006E6F9A /* ExtensionDecodable.swift in Sources */ = {isa = PBXBuildFile; fileRef = DC47CAA91FAE56D0006E6F9A /* ExtensionDecodable.swift */; };
		DC47CB021FAE57BE006E6F9A /* ExtensionDictionary.swift in Sources */ = {isa = PBXBuildFile; fileRef = DC47CAAA1FAE56D0006E6F9A /* ExtensionDictionary.swift */; };
		DC47CB031FAE57BE006E6F9A /* Gloss.h in Headers */ = {isa = PBXBuildFile; fileRef = DC47CAAB1FAE56D0006E6F9A /* Gloss.h */; };
		DC47CB041FAE57BE006E6F9A /* Gloss.swift in Sources */ = {isa = PBXBuildFile; fileRef = DC47CAAC1FAE56D0006E6F9A /* Gloss.swift */; };
		DC47CB051FAE57BE006E6F9A /* Info.plist in Resources */ = {isa = PBXBuildFile; fileRef = DC47CAAD1FAE56D0006E6F9A /* Info.plist */; };
		DC47CB061FAE57BE006E6F9A /* Operators.swift in Sources */ = {isa = PBXBuildFile; fileRef = DC47CAAE1FAE56D0006E6F9A /* Operators.swift */; };
		DC47CB071FAE57BF006E6F9A /* Decoder.swift in Sources */ = {isa = PBXBuildFile; fileRef = DC47CAA61FAE56D0006E6F9A /* Decoder.swift */; };
		DC47CB081FAE57BF006E6F9A /* Encoder.swift in Sources */ = {isa = PBXBuildFile; fileRef = DC47CAA71FAE56D0006E6F9A /* Encoder.swift */; };
		DC47CB091FAE57BF006E6F9A /* ExtensionArray.swift in Sources */ = {isa = PBXBuildFile; fileRef = DC47CAA81FAE56D0006E6F9A /* ExtensionArray.swift */; };
		DC47CB0A1FAE57BF006E6F9A /* ExtensionDecodable.swift in Sources */ = {isa = PBXBuildFile; fileRef = DC47CAA91FAE56D0006E6F9A /* ExtensionDecodable.swift */; };
		DC47CB0B1FAE57BF006E6F9A /* ExtensionDictionary.swift in Sources */ = {isa = PBXBuildFile; fileRef = DC47CAAA1FAE56D0006E6F9A /* ExtensionDictionary.swift */; };
		DC47CB0C1FAE57BF006E6F9A /* Gloss.h in Headers */ = {isa = PBXBuildFile; fileRef = DC47CAAB1FAE56D0006E6F9A /* Gloss.h */; };
		DC47CB0D1FAE57BF006E6F9A /* Gloss.swift in Sources */ = {isa = PBXBuildFile; fileRef = DC47CAAC1FAE56D0006E6F9A /* Gloss.swift */; };
		DC47CB0E1FAE57BF006E6F9A /* Info.plist in Resources */ = {isa = PBXBuildFile; fileRef = DC47CAAD1FAE56D0006E6F9A /* Info.plist */; };
		DC47CB0F1FAE57BF006E6F9A /* Operators.swift in Sources */ = {isa = PBXBuildFile; fileRef = DC47CAAE1FAE56D0006E6F9A /* Operators.swift */; };
		DC47CB101FAE57BF006E6F9A /* Decoder.swift in Sources */ = {isa = PBXBuildFile; fileRef = DC47CAA61FAE56D0006E6F9A /* Decoder.swift */; };
		DC47CB111FAE57BF006E6F9A /* Encoder.swift in Sources */ = {isa = PBXBuildFile; fileRef = DC47CAA71FAE56D0006E6F9A /* Encoder.swift */; };
		DC47CB121FAE57BF006E6F9A /* ExtensionArray.swift in Sources */ = {isa = PBXBuildFile; fileRef = DC47CAA81FAE56D0006E6F9A /* ExtensionArray.swift */; };
		DC47CB131FAE57BF006E6F9A /* ExtensionDecodable.swift in Sources */ = {isa = PBXBuildFile; fileRef = DC47CAA91FAE56D0006E6F9A /* ExtensionDecodable.swift */; };
		DC47CB141FAE57BF006E6F9A /* ExtensionDictionary.swift in Sources */ = {isa = PBXBuildFile; fileRef = DC47CAAA1FAE56D0006E6F9A /* ExtensionDictionary.swift */; };
		DC47CB151FAE57BF006E6F9A /* Gloss.h in Headers */ = {isa = PBXBuildFile; fileRef = DC47CAAB1FAE56D0006E6F9A /* Gloss.h */; };
		DC47CB161FAE57BF006E6F9A /* Gloss.swift in Sources */ = {isa = PBXBuildFile; fileRef = DC47CAAC1FAE56D0006E6F9A /* Gloss.swift */; };
		DC47CB171FAE57BF006E6F9A /* Info.plist in Resources */ = {isa = PBXBuildFile; fileRef = DC47CAAD1FAE56D0006E6F9A /* Info.plist */; };
		DC47CB181FAE57BF006E6F9A /* Operators.swift in Sources */ = {isa = PBXBuildFile; fileRef = DC47CAAE1FAE56D0006E6F9A /* Operators.swift */; };
/* End PBXBuildFile section */

/* Begin PBXContainerItemProxy section */
		2FA4CEA01C947E3000EB8AB8 /* PBXContainerItemProxy */ = {
			isa = PBXContainerItemProxy;
			containerPortal = DC39BF581B8A7AD200088CE0 /* Project object */;
			proxyType = 1;
			remoteGlobalIDString = DC39BF601B8A7AD200088CE0;
			remoteInfo = Gloss;
		};
/* End PBXContainerItemProxy section */

/* Begin PBXFileReference section */
		2FA4CE9A1C947E3000EB8AB8 /* GlossTests.xctest */ = {isa = PBXFileReference; explicitFileType = wrapper.cfbundle; includeInIndex = 0; path = GlossTests.xctest; sourceTree = BUILT_PRODUCTS_DIR; };
		A04168E71C0DF69900269A6A /* Gloss.framework */ = {isa = PBXFileReference; explicitFileType = wrapper.framework; includeInIndex = 0; path = Gloss.framework; sourceTree = BUILT_PRODUCTS_DIR; };
		DC39BF611B8A7AD200088CE0 /* Gloss.framework */ = {isa = PBXFileReference; explicitFileType = wrapper.framework; includeInIndex = 0; path = Gloss.framework; sourceTree = BUILT_PRODUCTS_DIR; };
		DC47CAA61FAE56D0006E6F9A /* Decoder.swift */ = {isa = PBXFileReference; lastKnownFileType = sourcecode.swift; path = Decoder.swift; sourceTree = "<group>"; };
		DC47CAA71FAE56D0006E6F9A /* Encoder.swift */ = {isa = PBXFileReference; lastKnownFileType = sourcecode.swift; path = Encoder.swift; sourceTree = "<group>"; };
		DC47CAA81FAE56D0006E6F9A /* ExtensionArray.swift */ = {isa = PBXFileReference; lastKnownFileType = sourcecode.swift; path = ExtensionArray.swift; sourceTree = "<group>"; };
		DC47CAA91FAE56D0006E6F9A /* ExtensionDecodable.swift */ = {isa = PBXFileReference; lastKnownFileType = sourcecode.swift; path = ExtensionDecodable.swift; sourceTree = "<group>"; };
		DC47CAAA1FAE56D0006E6F9A /* ExtensionDictionary.swift */ = {isa = PBXFileReference; lastKnownFileType = sourcecode.swift; path = ExtensionDictionary.swift; sourceTree = "<group>"; };
		DC47CAAB1FAE56D0006E6F9A /* Gloss.h */ = {isa = PBXFileReference; lastKnownFileType = sourcecode.c.h; path = Gloss.h; sourceTree = "<group>"; };
		DC47CAAC1FAE56D0006E6F9A /* Gloss.swift */ = {isa = PBXFileReference; lastKnownFileType = sourcecode.swift; path = Gloss.swift; sourceTree = "<group>"; };
		DC47CAAD1FAE56D0006E6F9A /* Info.plist */ = {isa = PBXFileReference; lastKnownFileType = text.plist.xml; path = Info.plist; sourceTree = "<group>"; };
		DC47CAAE1FAE56D0006E6F9A /* Operators.swift */ = {isa = PBXFileReference; lastKnownFileType = sourcecode.swift; path = Operators.swift; sourceTree = "<group>"; };
		DC47CAC91FAE572D006E6F9A /* Comparators.swift */ = {isa = PBXFileReference; lastKnownFileType = sourcecode.swift; path = Comparators.swift; sourceTree = "<group>"; };
		DC47CACA1FAE572D006E6F9A /* DecoderTests.swift */ = {isa = PBXFileReference; lastKnownFileType = sourcecode.swift; path = DecoderTests.swift; sourceTree = "<group>"; };
		DC47CACB1FAE572D006E6F9A /* EncoderTests.swift */ = {isa = PBXFileReference; lastKnownFileType = sourcecode.swift; path = EncoderTests.swift; sourceTree = "<group>"; };
		DC47CACD1FAE572D006E6F9A /* FakeLogger.swift */ = {isa = PBXFileReference; lastKnownFileType = sourcecode.swift; path = FakeLogger.swift; sourceTree = "<group>"; };
		DC47CACE1FAE572D006E6F9A /* FlowObjectCreationTests.swift */ = {isa = PBXFileReference; lastKnownFileType = sourcecode.swift; path = FlowObjectCreationTests.swift; sourceTree = "<group>"; };
		DC47CACF1FAE572D006E6F9A /* GlossTests.swift */ = {isa = PBXFileReference; lastKnownFileType = sourcecode.swift; path = GlossTests.swift; sourceTree = "<group>"; };
		DC47CAD01FAE572D006E6F9A /* Info.plist */ = {isa = PBXFileReference; lastKnownFileType = text.plist.xml; path = Info.plist; sourceTree = "<group>"; };
		DC47CAD11FAE572D006E6F9A /* KeyPathTests.swift */ = {isa = PBXFileReference; lastKnownFileType = sourcecode.swift; path = KeyPathTests.swift; sourceTree = "<group>"; };
		DC47CAD21FAE572D006E6F9A /* ObjectToJSONFlowTests.swift */ = {isa = PBXFileReference; lastKnownFileType = sourcecode.swift; path = ObjectToJSONFlowTests.swift; sourceTree = "<group>"; };
		DC47CAD31FAE572D006E6F9A /* OperatorTests.swift */ = {isa = PBXFileReference; lastKnownFileType = sourcecode.swift; path = OperatorTests.swift; sourceTree = "<group>"; };
		DC47CAD51FAE572D006E6F9A /* TestFailableModel.swift */ = {isa = PBXFileReference; lastKnownFileType = sourcecode.swift; path = TestFailableModel.swift; sourceTree = "<group>"; };
		DC47CAD61FAE572D006E6F9A /* TestFailableModelInvalid.json */ = {isa = PBXFileReference; lastKnownFileType = text.json; path = TestFailableModelInvalid.json; sourceTree = "<group>"; };
		DC47CAD71FAE572D006E6F9A /* TestFailableModelValid.json */ = {isa = PBXFileReference; lastKnownFileType = text.json; path = TestFailableModelValid.json; sourceTree = "<group>"; };
		DC47CAD81FAE572D006E6F9A /* TestKeyPathModel.swift */ = {isa = PBXFileReference; lastKnownFileType = sourcecode.swift; path = TestKeyPathModel.swift; sourceTree = "<group>"; };
		DC47CAD91FAE572D006E6F9A /* TestKeyPathModelCustomDelimiter.swift */ = {isa = PBXFileReference; lastKnownFileType = sourcecode.swift; path = TestKeyPathModelCustomDelimiter.swift; sourceTree = "<group>"; };
		DC47CADA1FAE572D006E6F9A /* TestModel.json */ = {isa = PBXFileReference; lastKnownFileType = text.json; path = TestModel.json; sourceTree = "<group>"; };
		DC47CADB1FAE572D006E6F9A /* TestModel.swift */ = {isa = PBXFileReference; lastKnownFileType = sourcecode.swift; path = TestModel.swift; sourceTree = "<group>"; };
		DC47CADC1FAE572D006E6F9A /* TestNestedKeyPathModel.swift */ = {isa = PBXFileReference; lastKnownFileType = sourcecode.swift; path = TestNestedKeyPathModel.swift; sourceTree = "<group>"; };
		DC47CADD1FAE572D006E6F9A /* TestNestedModel.swift */ = {isa = PBXFileReference; lastKnownFileType = sourcecode.swift; path = TestNestedModel.swift; sourceTree = "<group>"; };
		DC47CADE1FAE572D006E6F9A /* TestUnknownTypeModel.json */ = {isa = PBXFileReference; lastKnownFileType = text.json; path = TestUnknownTypeModel.json; sourceTree = "<group>"; };
		DC47CADF1FAE572D006E6F9A /* TestUnknownTypeModel.swift */ = {isa = PBXFileReference; lastKnownFileType = sourcecode.swift; path = TestUnknownTypeModel.swift; sourceTree = "<group>"; };
		DC683ADB1C2C615D0035EAC3 /* Gloss.framework */ = {isa = PBXFileReference; explicitFileType = wrapper.framework; includeInIndex = 0; path = Gloss.framework; sourceTree = BUILT_PRODUCTS_DIR; };
		DCF3008A1BDCA3FF003FBF15 /* Gloss.framework */ = {isa = PBXFileReference; explicitFileType = wrapper.framework; includeInIndex = 0; path = Gloss.framework; sourceTree = BUILT_PRODUCTS_DIR; };
/* End PBXFileReference section */

/* Begin PBXFrameworksBuildPhase section */
		2FA4CE971C947E3000EB8AB8 /* Frameworks */ = {
			isa = PBXFrameworksBuildPhase;
			buildActionMask = 2147483647;
			files = (
				2FA4CE9F1C947E3000EB8AB8 /* Gloss.framework in Frameworks */,
			);
			runOnlyForDeploymentPostprocessing = 0;
		};
		A04168E31C0DF69900269A6A /* Frameworks */ = {
			isa = PBXFrameworksBuildPhase;
			buildActionMask = 2147483647;
			files = (
			);
			runOnlyForDeploymentPostprocessing = 0;
		};
		DC39BF5D1B8A7AD200088CE0 /* Frameworks */ = {
			isa = PBXFrameworksBuildPhase;
			buildActionMask = 2147483647;
			files = (
			);
			runOnlyForDeploymentPostprocessing = 0;
		};
		DC683AD71C2C615D0035EAC3 /* Frameworks */ = {
			isa = PBXFrameworksBuildPhase;
			buildActionMask = 2147483647;
			files = (
			);
			runOnlyForDeploymentPostprocessing = 0;
		};
		DCF300861BDCA3FF003FBF15 /* Frameworks */ = {
			isa = PBXFrameworksBuildPhase;
			buildActionMask = 2147483647;
			files = (
			);
			runOnlyForDeploymentPostprocessing = 0;
		};
/* End PBXFrameworksBuildPhase section */

/* Begin PBXGroup section */
		DC39BF571B8A7AD200088CE0 = {
			isa = PBXGroup;
			children = (
				DC47CAA51FAE56D0006E6F9A /* Sources */,
				DC47CAC81FAE572D006E6F9A /* Tests */,
				DC39BF621B8A7AD200088CE0 /* Products */,
			);
			sourceTree = "<group>";
		};
		DC39BF621B8A7AD200088CE0 /* Products */ = {
			isa = PBXGroup;
			children = (
				DC39BF611B8A7AD200088CE0 /* Gloss.framework */,
				DCF3008A1BDCA3FF003FBF15 /* Gloss.framework */,
				A04168E71C0DF69900269A6A /* Gloss.framework */,
				DC683ADB1C2C615D0035EAC3 /* Gloss.framework */,
				2FA4CE9A1C947E3000EB8AB8 /* GlossTests.xctest */,
			);
			name = Products;
			sourceTree = "<group>";
		};
		DC47CAA51FAE56D0006E6F9A /* Sources */ = {
			isa = PBXGroup;
			children = (
				DC47CAA61FAE56D0006E6F9A /* Decoder.swift */,
				DC47CAA71FAE56D0006E6F9A /* Encoder.swift */,
				DC47CAA81FAE56D0006E6F9A /* ExtensionArray.swift */,
				DC47CAA91FAE56D0006E6F9A /* ExtensionDecodable.swift */,
				DC47CAAA1FAE56D0006E6F9A /* ExtensionDictionary.swift */,
				DC47CAAB1FAE56D0006E6F9A /* Gloss.h */,
				DC47CAAC1FAE56D0006E6F9A /* Gloss.swift */,
				DC47CAAD1FAE56D0006E6F9A /* Info.plist */,
				DC47CAAE1FAE56D0006E6F9A /* Operators.swift */,
			);
			path = Sources;
			sourceTree = "<group>";
		};
		DC47CAC81FAE572D006E6F9A /* Tests */ = {
			isa = PBXGroup;
			children = (
				DC47CAC91FAE572D006E6F9A /* Comparators.swift */,
				DC47CACA1FAE572D006E6F9A /* DecoderTests.swift */,
				DC47CACB1FAE572D006E6F9A /* EncoderTests.swift */,
				DC47CACC1FAE572D006E6F9A /* Fakes */,
				DC47CACE1FAE572D006E6F9A /* FlowObjectCreationTests.swift */,
				DC47CACF1FAE572D006E6F9A /* GlossTests.swift */,
				DC47CAD01FAE572D006E6F9A /* Info.plist */,
				DC47CAD11FAE572D006E6F9A /* KeyPathTests.swift */,
				DC47CAD21FAE572D006E6F9A /* ObjectToJSONFlowTests.swift */,
				DC47CAD31FAE572D006E6F9A /* OperatorTests.swift */,
				DC47CAD41FAE572D006E6F9A /* Test Models */,
			);
			path = Tests;
			sourceTree = "<group>";
		};
		DC47CACC1FAE572D006E6F9A /* Fakes */ = {
			isa = PBXGroup;
			children = (
				DC47CACD1FAE572D006E6F9A /* FakeLogger.swift */,
			);
			path = Fakes;
			sourceTree = "<group>";
		};
		DC47CAD41FAE572D006E6F9A /* Test Models */ = {
			isa = PBXGroup;
			children = (
				DC47CAD51FAE572D006E6F9A /* TestFailableModel.swift */,
				DC47CAD61FAE572D006E6F9A /* TestFailableModelInvalid.json */,
				DC47CAD71FAE572D006E6F9A /* TestFailableModelValid.json */,
				DC47CAD81FAE572D006E6F9A /* TestKeyPathModel.swift */,
				DC47CAD91FAE572D006E6F9A /* TestKeyPathModelCustomDelimiter.swift */,
				DC47CADA1FAE572D006E6F9A /* TestModel.json */,
				DC47CADB1FAE572D006E6F9A /* TestModel.swift */,
				DC47CADC1FAE572D006E6F9A /* TestNestedKeyPathModel.swift */,
				DC47CADD1FAE572D006E6F9A /* TestNestedModel.swift */,
				DC47CADE1FAE572D006E6F9A /* TestUnknownTypeModel.json */,
				DC47CADF1FAE572D006E6F9A /* TestUnknownTypeModel.swift */,
			);
			path = "Test Models";
			sourceTree = "<group>";
		};
/* End PBXGroup section */

/* Begin PBXHeadersBuildPhase section */
		A04168E41C0DF69900269A6A /* Headers */ = {
			isa = PBXHeadersBuildPhase;
			buildActionMask = 2147483647;
			files = (
				DC47CB0C1FAE57BF006E6F9A /* Gloss.h in Headers */,
			);
			runOnlyForDeploymentPostprocessing = 0;
		};
		DC39BF5E1B8A7AD200088CE0 /* Headers */ = {
			isa = PBXHeadersBuildPhase;
			buildActionMask = 2147483647;
			files = (
				DC47CAFA1FAE57BE006E6F9A /* Gloss.h in Headers */,
			);
			runOnlyForDeploymentPostprocessing = 0;
		};
		DC683AD81C2C615D0035EAC3 /* Headers */ = {
			isa = PBXHeadersBuildPhase;
			buildActionMask = 2147483647;
			files = (
				DC47CB151FAE57BF006E6F9A /* Gloss.h in Headers */,
			);
			runOnlyForDeploymentPostprocessing = 0;
		};
		DCF300871BDCA3FF003FBF15 /* Headers */ = {
			isa = PBXHeadersBuildPhase;
			buildActionMask = 2147483647;
			files = (
				DC47CB031FAE57BE006E6F9A /* Gloss.h in Headers */,
			);
			runOnlyForDeploymentPostprocessing = 0;
		};
/* End PBXHeadersBuildPhase section */

/* Begin PBXNativeTarget section */
		2FA4CE991C947E3000EB8AB8 /* GlossTests */ = {
			isa = PBXNativeTarget;
			buildConfigurationList = 2FA4CEA41C947E3000EB8AB8 /* Build configuration list for PBXNativeTarget "GlossTests" */;
			buildPhases = (
				2FA4CE961C947E3000EB8AB8 /* Sources */,
				2FA4CE971C947E3000EB8AB8 /* Frameworks */,
				2FA4CE981C947E3000EB8AB8 /* Resources */,
			);
			buildRules = (
			);
			dependencies = (
				2FA4CEA11C947E3000EB8AB8 /* PBXTargetDependency */,
			);
			name = GlossTests;
			productName = GlossTests;
			productReference = 2FA4CE9A1C947E3000EB8AB8 /* GlossTests.xctest */;
			productType = "com.apple.product-type.bundle.unit-test";
		};
		A04168E61C0DF69900269A6A /* Gloss tvOS */ = {
			isa = PBXNativeTarget;
			buildConfigurationList = A04168FC1C0DF69A00269A6A /* Build configuration list for PBXNativeTarget "Gloss tvOS" */;
			buildPhases = (
				A04168E21C0DF69900269A6A /* Sources */,
				A04168E31C0DF69900269A6A /* Frameworks */,
				A04168E41C0DF69900269A6A /* Headers */,
				A04168E51C0DF69900269A6A /* Resources */,
			);
			buildRules = (
			);
			dependencies = (
			);
			name = "Gloss tvOS";
			productName = "Gloss tvOS";
			productReference = A04168E71C0DF69900269A6A /* Gloss.framework */;
			productType = "com.apple.product-type.framework";
		};
		DC39BF601B8A7AD200088CE0 /* Gloss */ = {
			isa = PBXNativeTarget;
			buildConfigurationList = DC39BF751B8A7AD200088CE0 /* Build configuration list for PBXNativeTarget "Gloss" */;
			buildPhases = (
				DC39BF5C1B8A7AD200088CE0 /* Sources */,
				DC39BF5D1B8A7AD200088CE0 /* Frameworks */,
				DC39BF5E1B8A7AD200088CE0 /* Headers */,
				DC39BF5F1B8A7AD200088CE0 /* Resources */,
			);
			buildRules = (
			);
			dependencies = (
			);
			name = Gloss;
			productName = Gloss;
			productReference = DC39BF611B8A7AD200088CE0 /* Gloss.framework */;
			productType = "com.apple.product-type.framework";
		};
		DC683ADA1C2C615D0035EAC3 /* Gloss watchOS */ = {
			isa = PBXNativeTarget;
			buildConfigurationList = DC683AE21C2C615E0035EAC3 /* Build configuration list for PBXNativeTarget "Gloss watchOS" */;
			buildPhases = (
				DC683AD61C2C615D0035EAC3 /* Sources */,
				DC683AD71C2C615D0035EAC3 /* Frameworks */,
				DC683AD81C2C615D0035EAC3 /* Headers */,
				DC683AD91C2C615D0035EAC3 /* Resources */,
			);
			buildRules = (
			);
			dependencies = (
			);
			name = "Gloss watchOS";
			productName = "Gloss watchOS";
			productReference = DC683ADB1C2C615D0035EAC3 /* Gloss.framework */;
			productType = "com.apple.product-type.framework";
		};
		DCF300891BDCA3FF003FBF15 /* Gloss MacOS */ = {
			isa = PBXNativeTarget;
			buildConfigurationList = DCF3009F1BDCA400003FBF15 /* Build configuration list for PBXNativeTarget "Gloss MacOS" */;
			buildPhases = (
				DCF300851BDCA3FF003FBF15 /* Sources */,
				DCF300861BDCA3FF003FBF15 /* Frameworks */,
				DCF300871BDCA3FF003FBF15 /* Headers */,
				DCF300881BDCA3FF003FBF15 /* Resources */,
			);
			buildRules = (
			);
			dependencies = (
			);
			name = "Gloss MacOS";
			productName = GlossMacOSX;
			productReference = DCF3008A1BDCA3FF003FBF15 /* Gloss.framework */;
			productType = "com.apple.product-type.framework";
		};
/* End PBXNativeTarget section */

/* Begin PBXProject section */
		DC39BF581B8A7AD200088CE0 /* Project object */ = {
			isa = PBXProject;
			attributes = {
				LastSwiftUpdateCheck = 0730;
				LastUpgradeCheck = 0900;
				ORGANIZATIONNAME = "Harlan Kellaway";
				TargetAttributes = {
					2FA4CE991C947E3000EB8AB8 = {
						CreatedOnToolsVersion = 7.3;
						LastSwiftMigration = 0900;
					};
					A04168E61C0DF69900269A6A = {
						CreatedOnToolsVersion = 7.1.1;
						LastSwiftMigration = 0800;
					};
					DC39BF601B8A7AD200088CE0 = {
						CreatedOnToolsVersion = 7.0;
						LastSwiftMigration = 0900;
					};
					DC683ADA1C2C615D0035EAC3 = {
						CreatedOnToolsVersion = 7.1;
						LastSwiftMigration = 0800;
					};
					DCF300891BDCA3FF003FBF15 = {
						CreatedOnToolsVersion = 7.0;
						LastSwiftMigration = 0800;
					};
				};
			};
			buildConfigurationList = DC39BF5B1B8A7AD200088CE0 /* Build configuration list for PBXProject "Gloss" */;
			compatibilityVersion = "Xcode 3.2";
			developmentRegion = English;
			hasScannedForEncodings = 0;
			knownRegions = (
				en,
			);
			mainGroup = DC39BF571B8A7AD200088CE0;
			productRefGroup = DC39BF621B8A7AD200088CE0 /* Products */;
			projectDirPath = "";
			projectRoot = "";
			targets = (
				DC39BF601B8A7AD200088CE0 /* Gloss */,
				DCF300891BDCA3FF003FBF15 /* Gloss MacOS */,
				A04168E61C0DF69900269A6A /* Gloss tvOS */,
				DC683ADA1C2C615D0035EAC3 /* Gloss watchOS */,
				2FA4CE991C947E3000EB8AB8 /* GlossTests */,
			);
		};
/* End PBXProject section */

/* Begin PBXResourcesBuildPhase section */
		2FA4CE981C947E3000EB8AB8 /* Resources */ = {
			isa = PBXResourcesBuildPhase;
			buildActionMask = 2147483647;
			files = (
				DC47CAEC1FAE57B6006E6F9A /* TestFailableModelValid.json in Resources */,
				DC47CAF31FAE57B6006E6F9A /* TestUnknownTypeModel.json in Resources */,
				DC47CAEB1FAE57B6006E6F9A /* TestFailableModelInvalid.json in Resources */,
				DC47CAEF1FAE57B6006E6F9A /* TestModel.json in Resources */,
			);
			runOnlyForDeploymentPostprocessing = 0;
		};
		A04168E51C0DF69900269A6A /* Resources */ = {
			isa = PBXResourcesBuildPhase;
			buildActionMask = 2147483647;
			files = (
				DC47CB0E1FAE57BF006E6F9A /* Info.plist in Resources */,
			);
			runOnlyForDeploymentPostprocessing = 0;
		};
		DC39BF5F1B8A7AD200088CE0 /* Resources */ = {
			isa = PBXResourcesBuildPhase;
			buildActionMask = 2147483647;
			files = (
			);
			runOnlyForDeploymentPostprocessing = 0;
		};
		DC683AD91C2C615D0035EAC3 /* Resources */ = {
			isa = PBXResourcesBuildPhase;
			buildActionMask = 2147483647;
			files = (
				DC47CB171FAE57BF006E6F9A /* Info.plist in Resources */,
			);
			runOnlyForDeploymentPostprocessing = 0;
		};
		DCF300881BDCA3FF003FBF15 /* Resources */ = {
			isa = PBXResourcesBuildPhase;
			buildActionMask = 2147483647;
			files = (
				DC47CB051FAE57BE006E6F9A /* Info.plist in Resources */,
			);
			runOnlyForDeploymentPostprocessing = 0;
		};
/* End PBXResourcesBuildPhase section */

/* Begin PBXSourcesBuildPhase section */
		2FA4CE961C947E3000EB8AB8 /* Sources */ = {
			isa = PBXSourcesBuildPhase;
			buildActionMask = 2147483647;
			files = (
				DC47CAE51FAE5799006E6F9A /* GlossTests.swift in Sources */,
				DC47CAEE1FAE57B6006E6F9A /* TestKeyPathModelCustomDelimiter.swift in Sources */,
				DC47CAED1FAE57B6006E6F9A /* TestKeyPathModel.swift in Sources */,
				DC47CAE21FAE5792006E6F9A /* EncoderTests.swift in Sources */,
				DC47CAE11FAE578F006E6F9A /* DecoderTests.swift in Sources */,
				DC47CAF11FAE57B6006E6F9A /* TestNestedKeyPathModel.swift in Sources */,
				DC47CAF01FAE57B6006E6F9A /* TestModel.swift in Sources */,
				DC47CAE31FAE5795006E6F9A /* FakeLogger.swift in Sources */,
				DC47CAF41FAE57B6006E6F9A /* TestUnknownTypeModel.swift in Sources */,
				DC47CAE01FAE578D006E6F9A /* Comparators.swift in Sources */,
				DC47CAEA1FAE57B6006E6F9A /* TestFailableModel.swift in Sources */,
				DC47CAF21FAE57B6006E6F9A /* TestNestedModel.swift in Sources */,
				DC47CAE71FAE57A9006E6F9A /* ObjectToJSONFlowTests.swift in Sources */,
				DC47CAE61FAE57A2006E6F9A /* KeyPathTests.swift in Sources */,
				DC47CAE91FAE57B1006E6F9A /* OperatorTests.swift in Sources */,
				DC47CAE41FAE5797006E6F9A /* FlowObjectCreationTests.swift in Sources */,
			);
			runOnlyForDeploymentPostprocessing = 0;
		};
		A04168E21C0DF69900269A6A /* Sources */ = {
			isa = PBXSourcesBuildPhase;
			buildActionMask = 2147483647;
			files = (
				DC47CB0D1FAE57BF006E6F9A /* Gloss.swift in Sources */,
				DC47CB0B1FAE57BF006E6F9A /* ExtensionDictionary.swift in Sources */,
				DC47CB0F1FAE57BF006E6F9A /* Operators.swift in Sources */,
				DC47CB081FAE57BF006E6F9A /* Encoder.swift in Sources */,
				DC47CB071FAE57BF006E6F9A /* Decoder.swift in Sources */,
				DC47CB091FAE57BF006E6F9A /* ExtensionArray.swift in Sources */,
				DC47CB0A1FAE57BF006E6F9A /* ExtensionDecodable.swift in Sources */,
			);
			runOnlyForDeploymentPostprocessing = 0;
		};
		DC39BF5C1B8A7AD200088CE0 /* Sources */ = {
			isa = PBXSourcesBuildPhase;
			buildActionMask = 2147483647;
			files = (
				DC47CAFB1FAE57BE006E6F9A /* Gloss.swift in Sources */,
				DC47CAF91FAE57BE006E6F9A /* ExtensionDictionary.swift in Sources */,
				DC47CAFD1FAE57BE006E6F9A /* Operators.swift in Sources */,
				DC47CAF61FAE57BE006E6F9A /* Encoder.swift in Sources */,
				DC47CAF51FAE57BE006E6F9A /* Decoder.swift in Sources */,
				DC47CAF71FAE57BE006E6F9A /* ExtensionArray.swift in Sources */,
				DC47CAF81FAE57BE006E6F9A /* ExtensionDecodable.swift in Sources */,
			);
			runOnlyForDeploymentPostprocessing = 0;
		};
		DC683AD61C2C615D0035EAC3 /* Sources */ = {
			isa = PBXSourcesBuildPhase;
			buildActionMask = 2147483647;
			files = (
				DC47CB161FAE57BF006E6F9A /* Gloss.swift in Sources */,
				DC47CB141FAE57BF006E6F9A /* ExtensionDictionary.swift in Sources */,
				DC47CB181FAE57BF006E6F9A /* Operators.swift in Sources */,
				DC47CB111FAE57BF006E6F9A /* Encoder.swift in Sources */,
				DC47CB101FAE57BF006E6F9A /* Decoder.swift in Sources */,
				DC47CB121FAE57BF006E6F9A /* ExtensionArray.swift in Sources */,
				DC47CB131FAE57BF006E6F9A /* ExtensionDecodable.swift in Sources */,
			);
			runOnlyForDeploymentPostprocessing = 0;
		};
		DCF300851BDCA3FF003FBF15 /* Sources */ = {
			isa = PBXSourcesBuildPhase;
			buildActionMask = 2147483647;
			files = (
				DC47CB041FAE57BE006E6F9A /* Gloss.swift in Sources */,
				DC47CB021FAE57BE006E6F9A /* ExtensionDictionary.swift in Sources */,
				DC47CB061FAE57BE006E6F9A /* Operators.swift in Sources */,
				DC47CAFF1FAE57BE006E6F9A /* Encoder.swift in Sources */,
				DC47CAFE1FAE57BE006E6F9A /* Decoder.swift in Sources */,
				DC47CB001FAE57BE006E6F9A /* ExtensionArray.swift in Sources */,
				DC47CB011FAE57BE006E6F9A /* ExtensionDecodable.swift in Sources */,
			);
			runOnlyForDeploymentPostprocessing = 0;
		};
/* End PBXSourcesBuildPhase section */

/* Begin PBXTargetDependency section */
		2FA4CEA11C947E3000EB8AB8 /* PBXTargetDependency */ = {
			isa = PBXTargetDependency;
			target = DC39BF601B8A7AD200088CE0 /* Gloss */;
			targetProxy = 2FA4CEA01C947E3000EB8AB8 /* PBXContainerItemProxy */;
		};
/* End PBXTargetDependency section */

/* Begin XCBuildConfiguration section */
		2FA4CEA21C947E3000EB8AB8 /* Debug */ = {
			isa = XCBuildConfiguration;
			buildSettings = {
				ALWAYS_EMBED_SWIFT_STANDARD_LIBRARIES = YES;
				INFOPLIST_FILE = Tests/Info.plist;
				IPHONEOS_DEPLOYMENT_TARGET = 9.3;
				LD_RUNPATH_SEARCH_PATHS = "$(inherited) @executable_path/Frameworks @loader_path/Frameworks";
				PRODUCT_BUNDLE_IDENTIFIER = com.harlankellaway.GlossTests;
				PRODUCT_NAME = "$(TARGET_NAME)";
				SWIFT_SWIFT3_OBJC_INFERENCE = Default;
				SWIFT_VERSION = 4.0;
			};
			name = Debug;
		};
		2FA4CEA31C947E3000EB8AB8 /* Release */ = {
			isa = XCBuildConfiguration;
			buildSettings = {
				ALWAYS_EMBED_SWIFT_STANDARD_LIBRARIES = YES;
				INFOPLIST_FILE = Tests/Info.plist;
				IPHONEOS_DEPLOYMENT_TARGET = 9.3;
				LD_RUNPATH_SEARCH_PATHS = "$(inherited) @executable_path/Frameworks @loader_path/Frameworks";
				PRODUCT_BUNDLE_IDENTIFIER = com.harlankellaway.GlossTests;
				PRODUCT_NAME = "$(TARGET_NAME)";
				SWIFT_OPTIMIZATION_LEVEL = "-Owholemodule";
				SWIFT_SWIFT3_OBJC_INFERENCE = Default;
				SWIFT_VERSION = 4.0;
			};
			name = Release;
		};
		A04168F81C0DF69A00269A6A /* Debug */ = {
			isa = XCBuildConfiguration;
			buildSettings = {
				APPLICATION_EXTENSION_API_ONLY = YES;
				CLANG_ENABLE_MODULES = YES;
				"CODE_SIGN_IDENTITY[sdk=appletvos*]" = "";
				DEFINES_MODULE = YES;
				DYLIB_COMPATIBILITY_VERSION = 1;
				DYLIB_CURRENT_VERSION = 1;
				DYLIB_INSTALL_NAME_BASE = "@rpath";
				INFOPLIST_FILE = Sources/Info.plist;
				INSTALL_PATH = "$(LOCAL_LIBRARY_DIR)/Frameworks";
				LD_RUNPATH_SEARCH_PATHS = "$(inherited) @executable_path/Frameworks @loader_path/Frameworks";
				PRODUCT_BUNDLE_IDENTIFIER = com.harlankellaway.Gloss;
				PRODUCT_NAME = Gloss;
				SDKROOT = appletvos;
				SKIP_INSTALL = YES;
				SWIFT_OPTIMIZATION_LEVEL = "-Onone";
				SWIFT_VERSION = 3.0;
				TARGETED_DEVICE_FAMILY = 3;
				TVOS_DEPLOYMENT_TARGET = 9.0;
			};
			name = Debug;
		};
		A04168F91C0DF69A00269A6A /* Release */ = {
			isa = XCBuildConfiguration;
			buildSettings = {
				APPLICATION_EXTENSION_API_ONLY = YES;
				CLANG_ENABLE_MODULES = YES;
				"CODE_SIGN_IDENTITY[sdk=appletvos*]" = "";
				DEFINES_MODULE = YES;
				DYLIB_COMPATIBILITY_VERSION = 1;
				DYLIB_CURRENT_VERSION = 1;
				DYLIB_INSTALL_NAME_BASE = "@rpath";
				INFOPLIST_FILE = Sources/Info.plist;
				INSTALL_PATH = "$(LOCAL_LIBRARY_DIR)/Frameworks";
				LD_RUNPATH_SEARCH_PATHS = "$(inherited) @executable_path/Frameworks @loader_path/Frameworks";
				PRODUCT_BUNDLE_IDENTIFIER = com.harlankellaway.Gloss;
				PRODUCT_NAME = Gloss;
				SDKROOT = appletvos;
				SKIP_INSTALL = YES;
				SWIFT_OPTIMIZATION_LEVEL = "-Owholemodule";
				SWIFT_VERSION = 3.0;
				TARGETED_DEVICE_FAMILY = 3;
				TVOS_DEPLOYMENT_TARGET = 9.0;
			};
			name = Release;
		};
		DC39BF731B8A7AD200088CE0 /* Debug */ = {
			isa = XCBuildConfiguration;
			buildSettings = {
				ALWAYS_SEARCH_USER_PATHS = NO;
				CLANG_CXX_LANGUAGE_STANDARD = "gnu++0x";
				CLANG_CXX_LIBRARY = "libc++";
				CLANG_ENABLE_MODULES = YES;
				CLANG_ENABLE_OBJC_ARC = YES;
				CLANG_WARN_BLOCK_CAPTURE_AUTORELEASING = YES;
				CLANG_WARN_BOOL_CONVERSION = YES;
				CLANG_WARN_COMMA = YES;
				CLANG_WARN_CONSTANT_CONVERSION = YES;
				CLANG_WARN_DIRECT_OBJC_ISA_USAGE = YES_ERROR;
				CLANG_WARN_EMPTY_BODY = YES;
				CLANG_WARN_ENUM_CONVERSION = YES;
				CLANG_WARN_INFINITE_RECURSION = YES;
				CLANG_WARN_INT_CONVERSION = YES;
				CLANG_WARN_NON_LITERAL_NULL_CONVERSION = YES;
				CLANG_WARN_OBJC_LITERAL_CONVERSION = YES;
				CLANG_WARN_OBJC_ROOT_CLASS = YES_ERROR;
				CLANG_WARN_RANGE_LOOP_ANALYSIS = YES;
				CLANG_WARN_STRICT_PROTOTYPES = YES;
				CLANG_WARN_SUSPICIOUS_MOVE = YES;
				CLANG_WARN_UNREACHABLE_CODE = YES;
				CLANG_WARN__DUPLICATE_METHOD_MATCH = YES;
				"CODE_SIGN_IDENTITY[sdk=iphoneos*]" = "iPhone Developer";
				COPY_PHASE_STRIP = NO;
				CURRENT_PROJECT_VERSION = 1;
				DEBUG_INFORMATION_FORMAT = dwarf;
				ENABLE_STRICT_OBJC_MSGSEND = YES;
				ENABLE_TESTABILITY = YES;
				GCC_C_LANGUAGE_STANDARD = gnu99;
				GCC_DYNAMIC_NO_PIC = NO;
				GCC_NO_COMMON_BLOCKS = YES;
				GCC_OPTIMIZATION_LEVEL = 0;
				GCC_PREPROCESSOR_DEFINITIONS = (
					"DEBUG=1",
					"$(inherited)",
				);
				GCC_WARN_64_TO_32_BIT_CONVERSION = YES;
				GCC_WARN_ABOUT_RETURN_TYPE = YES_ERROR;
				GCC_WARN_UNDECLARED_SELECTOR = YES;
				GCC_WARN_UNINITIALIZED_AUTOS = YES_AGGRESSIVE;
				GCC_WARN_UNUSED_FUNCTION = YES;
				GCC_WARN_UNUSED_VARIABLE = YES;
				IPHONEOS_DEPLOYMENT_TARGET = 8.0;
				MTL_ENABLE_DEBUG_INFO = YES;
				ONLY_ACTIVE_ARCH = YES;
				SDKROOT = iphoneos;
				SWIFT_OPTIMIZATION_LEVEL = "-Onone";
				SWIFT_VERSION = 4.0;
				TARGETED_DEVICE_FAMILY = "1,2";
				VERSIONING_SYSTEM = "apple-generic";
				VERSION_INFO_PREFIX = "";
			};
			name = Debug;
		};
		DC39BF741B8A7AD200088CE0 /* Release */ = {
			isa = XCBuildConfiguration;
			buildSettings = {
				ALWAYS_SEARCH_USER_PATHS = NO;
				CLANG_CXX_LANGUAGE_STANDARD = "gnu++0x";
				CLANG_CXX_LIBRARY = "libc++";
				CLANG_ENABLE_MODULES = YES;
				CLANG_ENABLE_OBJC_ARC = YES;
				CLANG_WARN_BLOCK_CAPTURE_AUTORELEASING = YES;
				CLANG_WARN_BOOL_CONVERSION = YES;
				CLANG_WARN_COMMA = YES;
				CLANG_WARN_CONSTANT_CONVERSION = YES;
				CLANG_WARN_DIRECT_OBJC_ISA_USAGE = YES_ERROR;
				CLANG_WARN_EMPTY_BODY = YES;
				CLANG_WARN_ENUM_CONVERSION = YES;
				CLANG_WARN_INFINITE_RECURSION = YES;
				CLANG_WARN_INT_CONVERSION = YES;
				CLANG_WARN_NON_LITERAL_NULL_CONVERSION = YES;
				CLANG_WARN_OBJC_LITERAL_CONVERSION = YES;
				CLANG_WARN_OBJC_ROOT_CLASS = YES_ERROR;
				CLANG_WARN_RANGE_LOOP_ANALYSIS = YES;
				CLANG_WARN_STRICT_PROTOTYPES = YES;
				CLANG_WARN_SUSPICIOUS_MOVE = YES;
				CLANG_WARN_UNREACHABLE_CODE = YES;
				CLANG_WARN__DUPLICATE_METHOD_MATCH = YES;
				"CODE_SIGN_IDENTITY[sdk=iphoneos*]" = "iPhone Developer";
				COPY_PHASE_STRIP = NO;
				CURRENT_PROJECT_VERSION = 1;
				DEBUG_INFORMATION_FORMAT = "dwarf-with-dsym";
				ENABLE_NS_ASSERTIONS = NO;
				ENABLE_STRICT_OBJC_MSGSEND = YES;
				GCC_C_LANGUAGE_STANDARD = gnu99;
				GCC_NO_COMMON_BLOCKS = YES;
				GCC_WARN_64_TO_32_BIT_CONVERSION = YES;
				GCC_WARN_ABOUT_RETURN_TYPE = YES_ERROR;
				GCC_WARN_UNDECLARED_SELECTOR = YES;
				GCC_WARN_UNINITIALIZED_AUTOS = YES_AGGRESSIVE;
				GCC_WARN_UNUSED_FUNCTION = YES;
				GCC_WARN_UNUSED_VARIABLE = YES;
				IPHONEOS_DEPLOYMENT_TARGET = 8.0;
				MTL_ENABLE_DEBUG_INFO = NO;
				SDKROOT = iphoneos;
				SWIFT_VERSION = 4.0;
				TARGETED_DEVICE_FAMILY = "1,2";
				VALIDATE_PRODUCT = YES;
				VERSIONING_SYSTEM = "apple-generic";
				VERSION_INFO_PREFIX = "";
			};
			name = Release;
		};
		DC39BF761B8A7AD200088CE0 /* Debug */ = {
			isa = XCBuildConfiguration;
			buildSettings = {
				APPLICATION_EXTENSION_API_ONLY = YES;
				CLANG_ENABLE_MODULES = YES;
				"CODE_SIGN_IDENTITY[sdk=iphoneos*]" = "";
				DEFINES_MODULE = YES;
				DYLIB_COMPATIBILITY_VERSION = 1;
				DYLIB_CURRENT_VERSION = 1;
				DYLIB_INSTALL_NAME_BASE = "@rpath";
				INFOPLIST_FILE = Sources/Info.plist;
				INSTALL_PATH = "$(LOCAL_LIBRARY_DIR)/Frameworks";
				LD_RUNPATH_SEARCH_PATHS = "$(inherited) @executable_path/Frameworks @loader_path/Frameworks";
				PRODUCT_BUNDLE_IDENTIFIER = com.harlankellaway.Gloss;
				PRODUCT_NAME = "$(TARGET_NAME)";
				SKIP_INSTALL = YES;
				SWIFT_OPTIMIZATION_LEVEL = "-Onone";
				SWIFT_SWIFT3_OBJC_INFERENCE = Default;
				SWIFT_VERSION = 4.0;
			};
			name = Debug;
		};
		DC39BF771B8A7AD200088CE0 /* Release */ = {
			isa = XCBuildConfiguration;
			buildSettings = {
				APPLICATION_EXTENSION_API_ONLY = YES;
				CLANG_ENABLE_MODULES = YES;
				"CODE_SIGN_IDENTITY[sdk=iphoneos*]" = "";
				DEFINES_MODULE = YES;
				DYLIB_COMPATIBILITY_VERSION = 1;
				DYLIB_CURRENT_VERSION = 1;
				DYLIB_INSTALL_NAME_BASE = "@rpath";
				INFOPLIST_FILE = Sources/Info.plist;
				INSTALL_PATH = "$(LOCAL_LIBRARY_DIR)/Frameworks";
				LD_RUNPATH_SEARCH_PATHS = "$(inherited) @executable_path/Frameworks @loader_path/Frameworks";
				PRODUCT_BUNDLE_IDENTIFIER = com.harlankellaway.Gloss;
				PRODUCT_NAME = "$(TARGET_NAME)";
				SKIP_INSTALL = YES;
				SWIFT_OPTIMIZATION_LEVEL = "-Owholemodule";
				SWIFT_SWIFT3_OBJC_INFERENCE = Default;
				SWIFT_VERSION = 4.0;
			};
			name = Release;
		};
		DC683AE01C2C615E0035EAC3 /* Debug */ = {
			isa = XCBuildConfiguration;
			buildSettings = {
				APPLICATION_EXTENSION_API_ONLY = YES;
				"CODE_SIGN_IDENTITY[sdk=watchos*]" = "";
				DEFINES_MODULE = YES;
				DYLIB_COMPATIBILITY_VERSION = 1;
				DYLIB_CURRENT_VERSION = 1;
				DYLIB_INSTALL_NAME_BASE = "@rpath";
				INFOPLIST_FILE = Sources/Info.plist;
				INSTALL_PATH = "$(LOCAL_LIBRARY_DIR)/Frameworks";
				LD_RUNPATH_SEARCH_PATHS = "$(inherited) @executable_path/Frameworks @loader_path/Frameworks";
				PRODUCT_BUNDLE_IDENTIFIER = com.harlankellaway.Gloss;
				PRODUCT_NAME = Gloss;
				SDKROOT = watchos;
				SKIP_INSTALL = YES;
				SWIFT_VERSION = 3.0;
				TARGETED_DEVICE_FAMILY = 4;
				WATCHOS_DEPLOYMENT_TARGET = 2.0;
			};
			name = Debug;
		};
		DC683AE11C2C615E0035EAC3 /* Release */ = {
			isa = XCBuildConfiguration;
			buildSettings = {
				APPLICATION_EXTENSION_API_ONLY = YES;
				"CODE_SIGN_IDENTITY[sdk=watchos*]" = "";
				DEFINES_MODULE = YES;
				DYLIB_COMPATIBILITY_VERSION = 1;
				DYLIB_CURRENT_VERSION = 1;
				DYLIB_INSTALL_NAME_BASE = "@rpath";
				INFOPLIST_FILE = Sources/Info.plist;
				INSTALL_PATH = "$(LOCAL_LIBRARY_DIR)/Frameworks";
				LD_RUNPATH_SEARCH_PATHS = "$(inherited) @executable_path/Frameworks @loader_path/Frameworks";
				PRODUCT_BUNDLE_IDENTIFIER = com.harlankellaway.Gloss;
				PRODUCT_NAME = Gloss;
				SDKROOT = watchos;
				SKIP_INSTALL = YES;
				SWIFT_OPTIMIZATION_LEVEL = "-Owholemodule";
				SWIFT_VERSION = 3.0;
				TARGETED_DEVICE_FAMILY = 4;
				WATCHOS_DEPLOYMENT_TARGET = 2.0;
			};
			name = Release;
		};
		DCF3009B1BDCA400003FBF15 /* Debug */ = {
			isa = XCBuildConfiguration;
			buildSettings = {
				APPLICATION_EXTENSION_API_ONLY = YES;
				CLANG_ENABLE_MODULES = YES;
				COMBINE_HIDPI_IMAGES = YES;
				DEFINES_MODULE = YES;
				DYLIB_COMPATIBILITY_VERSION = 1;
				DYLIB_CURRENT_VERSION = 1;
				DYLIB_INSTALL_NAME_BASE = "@rpath";
				FRAMEWORK_VERSION = A;
				INFOPLIST_FILE = Sources/Info.plist;
				INSTALL_PATH = "$(LOCAL_LIBRARY_DIR)/Frameworks";
				LD_RUNPATH_SEARCH_PATHS = "$(inherited) @executable_path/../Frameworks @loader_path/Frameworks";
				MACOSX_DEPLOYMENT_TARGET = 10.10;
				PRODUCT_BUNDLE_IDENTIFIER = com.harlankellaway.Gloss;
				PRODUCT_NAME = Gloss;
				SDKROOT = macosx;
				SKIP_INSTALL = YES;
				SWIFT_OPTIMIZATION_LEVEL = "-Onone";
				SWIFT_VERSION = 3.0;
			};
			name = Debug;
		};
		DCF3009C1BDCA400003FBF15 /* Release */ = {
			isa = XCBuildConfiguration;
			buildSettings = {
				APPLICATION_EXTENSION_API_ONLY = YES;
				CLANG_ENABLE_MODULES = YES;
				COMBINE_HIDPI_IMAGES = YES;
				DEFINES_MODULE = YES;
				DYLIB_COMPATIBILITY_VERSION = 1;
				DYLIB_CURRENT_VERSION = 1;
				DYLIB_INSTALL_NAME_BASE = "@rpath";
				FRAMEWORK_VERSION = A;
				INFOPLIST_FILE = Sources/Info.plist;
				INSTALL_PATH = "$(LOCAL_LIBRARY_DIR)/Frameworks";
				LD_RUNPATH_SEARCH_PATHS = "$(inherited) @executable_path/../Frameworks @loader_path/Frameworks";
				MACOSX_DEPLOYMENT_TARGET = 10.10;
				PRODUCT_BUNDLE_IDENTIFIER = com.harlankellaway.Gloss;
				PRODUCT_NAME = Gloss;
				SDKROOT = macosx;
				SKIP_INSTALL = YES;
				SWIFT_OPTIMIZATION_LEVEL = "-Owholemodule";
				SWIFT_VERSION = 3.0;
			};
			name = Release;
		};
/* End XCBuildConfiguration section */

/* Begin XCConfigurationList section */
		2FA4CEA41C947E3000EB8AB8 /* Build configuration list for PBXNativeTarget "GlossTests" */ = {
			isa = XCConfigurationList;
			buildConfigurations = (
				2FA4CEA21C947E3000EB8AB8 /* Debug */,
				2FA4CEA31C947E3000EB8AB8 /* Release */,
			);
			defaultConfigurationIsVisible = 0;
			defaultConfigurationName = Release;
		};
		A04168FC1C0DF69A00269A6A /* Build configuration list for PBXNativeTarget "Gloss tvOS" */ = {
			isa = XCConfigurationList;
			buildConfigurations = (
				A04168F81C0DF69A00269A6A /* Debug */,
				A04168F91C0DF69A00269A6A /* Release */,
			);
			defaultConfigurationIsVisible = 0;
			defaultConfigurationName = Release;
		};
		DC39BF5B1B8A7AD200088CE0 /* Build configuration list for PBXProject "Gloss" */ = {
			isa = XCConfigurationList;
			buildConfigurations = (
				DC39BF731B8A7AD200088CE0 /* Debug */,
				DC39BF741B8A7AD200088CE0 /* Release */,
			);
			defaultConfigurationIsVisible = 0;
			defaultConfigurationName = Release;
		};
		DC39BF751B8A7AD200088CE0 /* Build configuration list for PBXNativeTarget "Gloss" */ = {
			isa = XCConfigurationList;
			buildConfigurations = (
				DC39BF761B8A7AD200088CE0 /* Debug */,
				DC39BF771B8A7AD200088CE0 /* Release */,
			);
			defaultConfigurationIsVisible = 0;
			defaultConfigurationName = Release;
		};
		DC683AE21C2C615E0035EAC3 /* Build configuration list for PBXNativeTarget "Gloss watchOS" */ = {
			isa = XCConfigurationList;
			buildConfigurations = (
				DC683AE01C2C615E0035EAC3 /* Debug */,
				DC683AE11C2C615E0035EAC3 /* Release */,
			);
			defaultConfigurationIsVisible = 0;
			defaultConfigurationName = Release;
		};
		DCF3009F1BDCA400003FBF15 /* Build configuration list for PBXNativeTarget "Gloss MacOS" */ = {
			isa = XCConfigurationList;
			buildConfigurations = (
				DCF3009B1BDCA400003FBF15 /* Debug */,
				DCF3009C1BDCA400003FBF15 /* Release */,
			);
			defaultConfigurationIsVisible = 0;
			defaultConfigurationName = Release;
		};
/* End XCConfigurationList section */
	};
	rootObject = DC39BF581B8A7AD200088CE0 /* Project object */;
}
