// !$*UTF8*$!
{
	archiveVersion = 1;
	classes = {
	};
	objectVersion = 46;
	objects = {

/* Begin PBXBuildFile section */
		DC08B5B21B76B3ED0098D6C8 /* AppDelegate.swift in Sources */ = {isa = PBXBuildFile; fileRef = DC08B5B11B76B3ED0098D6C8 /* AppDelegate.swift */; };
		DC08B5B41B76B3ED0098D6C8 /* ViewController.swift in Sources */ = {isa = PBXBuildFile; fileRef = DC08B5B31B76B3ED0098D6C8 /* ViewController.swift */; };
		DC08B5B71B76B3ED0098D6C8 /* Main.storyboard in Resources */ = {isa = PBXBuildFile; fileRef = DC08B5B51B76B3ED0098D6C8 /* Main.storyboard */; };
		DC08B5B91B76B3ED0098D6C8 /* Images.xcassets in Resources */ = {isa = PBXBuildFile; fileRef = DC08B5B81B76B3ED0098D6C8 /* Images.xcassets */; };
		DC08B5BC1B76B3ED0098D6C8 /* LaunchScreen.xib in Resources */ = {isa = PBXBuildFile; fileRef = DC08B5BA1B76B3ED0098D6C8 /* LaunchScreen.xib */; };
		DC690D901B7AF1A1001338D0 /* Repo.swift in Sources */ = {isa = PBXBuildFile; fileRef = DC690D8F1B7AF1A1001338D0 /* Repo.swift */; };
		DC690D921B7AF20D001338D0 /* RepoOwner.swift in Sources */ = {isa = PBXBuildFile; fileRef = DC690D911B7AF20D001338D0 /* RepoOwner.swift */; };
		DC690D951B7B1339001338D0 /* gloss_logo_tagline.png in Resources */ = {isa = PBXBuildFile; fileRef = DC690D941B7B1339001338D0 /* gloss_logo_tagline.png */; };
		F0157B7C46CEF886BC8CFC43 /* Pods_GlossExample.framework in Frameworks */ = {isa = PBXBuildFile; fileRef = 371978450C13B8BC0B320144 /* Pods_GlossExample.framework */; };
/* End PBXBuildFile section */

/* Begin PBXFileReference section */
		1CF68443A5AEBB8235A16A54 /* Pods-GlossExample.debug.xcconfig */ = {isa = PBXFileReference; includeInIndex = 1; lastKnownFileType = text.xcconfig; name = "Pods-GlossExample.debug.xcconfig"; path = "Pods/Target Support Files/Pods-GlossExample/Pods-GlossExample.debug.xcconfig"; sourceTree = "<group>"; };
		371978450C13B8BC0B320144 /* Pods_GlossExample.framework */ = {isa = PBXFileReference; explicitFileType = wrapper.framework; includeInIndex = 0; path = Pods_GlossExample.framework; sourceTree = BUILT_PRODUCTS_DIR; };
		9C12015D1D12D723004FD72C /* GlossExample.app */ = {isa = PBXFileReference; explicitFileType = wrapper.application; includeInIndex = 0; path = GlossExample.app; sourceTree = BUILT_PRODUCTS_DIR; };
		DC08B5B01B76B3ED0098D6C8 /* Info.plist */ = {isa = PBXFileReference; lastKnownFileType = text.plist.xml; path = Info.plist; sourceTree = "<group>"; };
		DC08B5B11B76B3ED0098D6C8 /* AppDelegate.swift */ = {isa = PBXFileReference; lastKnownFileType = sourcecode.swift; path = AppDelegate.swift; sourceTree = "<group>"; };
		DC08B5B31B76B3ED0098D6C8 /* ViewController.swift */ = {isa = PBXFileReference; lastKnownFileType = sourcecode.swift; path = ViewController.swift; sourceTree = "<group>"; };
		DC08B5B61B76B3ED0098D6C8 /* Base */ = {isa = PBXFileReference; lastKnownFileType = file.storyboard; name = Base; path = Base.lproj/Main.storyboard; sourceTree = "<group>"; };
		DC08B5B81B76B3ED0098D6C8 /* Images.xcassets */ = {isa = PBXFileReference; lastKnownFileType = folder.assetcatalog; path = Images.xcassets; sourceTree = "<group>"; };
		DC08B5BB1B76B3ED0098D6C8 /* Base */ = {isa = PBXFileReference; lastKnownFileType = file.xib; name = Base; path = Base.lproj/LaunchScreen.xib; sourceTree = "<group>"; };
		DC690D8F1B7AF1A1001338D0 /* Repo.swift */ = {isa = PBXFileReference; fileEncoding = 4; lastKnownFileType = sourcecode.swift; path = Repo.swift; sourceTree = "<group>"; };
		DC690D911B7AF20D001338D0 /* RepoOwner.swift */ = {isa = PBXFileReference; fileEncoding = 4; lastKnownFileType = sourcecode.swift; path = RepoOwner.swift; sourceTree = "<group>"; };
		DC690D941B7B1339001338D0 /* gloss_logo_tagline.png */ = {isa = PBXFileReference; lastKnownFileType = image.png; path = gloss_logo_tagline.png; sourceTree = "<group>"; };
		DCF8913F1B86AF6B00888FB1 /* Pods_GlossExample.framework */ = {isa = PBXFileReference; lastKnownFileType = wrapper.framework; name = Pods_GlossExample.framework; path = "Pods/../build/Debug-iphoneos/Pods_GlossExample.framework"; sourceTree = "<group>"; };
		ED8E6DA407D0AE26300C907D /* Pods-GlossExample.release.xcconfig */ = {isa = PBXFileReference; includeInIndex = 1; lastKnownFileType = text.xcconfig; name = "Pods-GlossExample.release.xcconfig"; path = "Pods/Target Support Files/Pods-GlossExample/Pods-GlossExample.release.xcconfig"; sourceTree = "<group>"; };
/* End PBXFileReference section */

/* Begin PBXFrameworksBuildPhase section */
		DC08B5A91B76B3ED0098D6C8 /* Frameworks */ = {
			isa = PBXFrameworksBuildPhase;
			buildActionMask = 2147483647;
			files = (
				F0157B7C46CEF886BC8CFC43 /* Pods_GlossExample.framework in Frameworks */,
			);
			runOnlyForDeploymentPostprocessing = 0;
		};
/* End PBXFrameworksBuildPhase section */

/* Begin PBXGroup section */
		36A8572C924B8EDFB71DDE70 /* Pods */ = {
			isa = PBXGroup;
			children = (
				1CF68443A5AEBB8235A16A54 /* Pods-GlossExample.debug.xcconfig */,
				ED8E6DA407D0AE26300C907D /* Pods-GlossExample.release.xcconfig */,
			);
			name = Pods;
			sourceTree = "<group>";
		};
		63509F10EB2766219388D381 /* Frameworks */ = {
			isa = PBXGroup;
			children = (
				DCF8913F1B86AF6B00888FB1 /* Pods_GlossExample.framework */,
				371978450C13B8BC0B320144 /* Pods_GlossExample.framework */,
			);
			name = Frameworks;
			sourceTree = "<group>";
		};
		DC08B5A31B76B3ED0098D6C8 = {
			isa = PBXGroup;
			children = (
				DC08B5AE1B76B3ED0098D6C8 /* GlossExample */,
				36A8572C924B8EDFB71DDE70 /* Pods */,
				63509F10EB2766219388D381 /* Frameworks */,
				9C12015D1D12D723004FD72C /* GlossExample.app */,
			);
			sourceTree = "<group>";
		};
		DC08B5AE1B76B3ED0098D6C8 /* GlossExample */ = {
			isa = PBXGroup;
			children = (
				DC08B5B11B76B3ED0098D6C8 /* AppDelegate.swift */,
				DC690D8F1B7AF1A1001338D0 /* Repo.swift */,
				DC690D911B7AF20D001338D0 /* RepoOwner.swift */,
				DC08B5B31B76B3ED0098D6C8 /* ViewController.swift */,
				DC08B5B51B76B3ED0098D6C8 /* Main.storyboard */,
				DC08B5B81B76B3ED0098D6C8 /* Images.xcassets */,
				DC08B5BA1B76B3ED0098D6C8 /* LaunchScreen.xib */,
				DC690D931B7B1329001338D0 /* Resources */,
				DC08B5AF1B76B3ED0098D6C8 /* Supporting Files */,
			);
			path = GlossExample;
			sourceTree = "<group>";
		};
		DC08B5AF1B76B3ED0098D6C8 /* Supporting Files */ = {
			isa = PBXGroup;
			children = (
				DC08B5B01B76B3ED0098D6C8 /* Info.plist */,
			);
			name = "Supporting Files";
			sourceTree = "<group>";
		};
		DC690D931B7B1329001338D0 /* Resources */ = {
			isa = PBXGroup;
			children = (
				DC690D941B7B1339001338D0 /* gloss_logo_tagline.png */,
			);
			path = Resources;
			sourceTree = "<group>";
		};
/* End PBXGroup section */

/* Begin PBXNativeTarget section */
		DC08B5AB1B76B3ED0098D6C8 /* GlossExample */ = {
			isa = PBXNativeTarget;
			buildConfigurationList = DC08B5CB1B76B3ED0098D6C8 /* Build configuration list for PBXNativeTarget "GlossExample" */;
			buildPhases = (
				C037FA1074C68EBAE2B6D9B9 /* [CP] Check Pods Manifest.lock */,
				DC08B5A81B76B3ED0098D6C8 /* Sources */,
				DC08B5A91B76B3ED0098D6C8 /* Frameworks */,
				DC08B5AA1B76B3ED0098D6C8 /* Resources */,
				D19E0ACE63372003AA0ABBD4 /* [CP] Embed Pods Frameworks */,
				835BD57B6BD17E8965AC408C /* [CP] Copy Pods Resources */,
				032A14E7D2097DBB65326666 /* Embed Pods Frameworks */,
			);
			buildRules = (
			);
			dependencies = (
			);
			name = GlossExample;
			productName = GlossExample;
			productReference = 9C12015D1D12D723004FD72C /* GlossExample.app */;
			productType = "com.apple.product-type.application";
		};
/* End PBXNativeTarget section */

/* Begin PBXProject section */
		DC08B5A41B76B3ED0098D6C8 /* Project object */ = {
			isa = PBXProject;
			attributes = {
				LastSwiftMigration = 0700;
				LastSwiftUpdateCheck = 0700;
				LastUpgradeCheck = 0900;
				ORGANIZATIONNAME = "Harlan Kellaway";
				TargetAttributes = {
					DC08B5AB1B76B3ED0098D6C8 = {
						CreatedOnToolsVersion = 6.4;
						LastSwiftMigration = 0800;
					};
				};
			};
			buildConfigurationList = DC08B5A71B76B3ED0098D6C8 /* Build configuration list for PBXProject "GlossExample" */;
			compatibilityVersion = "Xcode 3.2";
			developmentRegion = English;
			hasScannedForEncodings = 0;
			knownRegions = (
				en,
				Base,
			);
			mainGroup = DC08B5A31B76B3ED0098D6C8;
			productRefGroup = DC08B5A31B76B3ED0098D6C8;
			projectDirPath = "";
			projectRoot = "";
			targets = (
				DC08B5AB1B76B3ED0098D6C8 /* GlossExample */,
			);
		};
/* End PBXProject section */

/* Begin PBXResourcesBuildPhase section */
		DC08B5AA1B76B3ED0098D6C8 /* Resources */ = {
			isa = PBXResourcesBuildPhase;
			buildActionMask = 2147483647;
			files = (
				DC690D951B7B1339001338D0 /* gloss_logo_tagline.png in Resources */,
				DC08B5B71B76B3ED0098D6C8 /* Main.storyboard in Resources */,
				DC08B5BC1B76B3ED0098D6C8 /* LaunchScreen.xib in Resources */,
				DC08B5B91B76B3ED0098D6C8 /* Images.xcassets in Resources */,
			);
			runOnlyForDeploymentPostprocessing = 0;
		};
/* End PBXResourcesBuildPhase section */

/* Begin PBXShellScriptBuildPhase section */
		032A14E7D2097DBB65326666 /* Embed Pods Frameworks */ = {
			isa = PBXShellScriptBuildPhase;
			buildActionMask = 2147483647;
			files = (
			);
			inputPaths = (
			);
			name = "Embed Pods Frameworks";
			outputPaths = (
			);
			runOnlyForDeploymentPostprocessing = 0;
			shellPath = /bin/sh;
			shellScript = "\"${SRCROOT}/Pods/Target Support Files/Pods-GlossExample/Pods-GlossExample-frameworks.sh\"\n";
			showEnvVarsInLog = 0;
		};
		835BD57B6BD17E8965AC408C /* [CP] Copy Pods Resources */ = {
			isa = PBXShellScriptBuildPhase;
			buildActionMask = 2147483647;
			files = (
			);
			inputPaths = (
			);
			name = "[CP] Copy Pods Resources";
			outputPaths = (
			);
			runOnlyForDeploymentPostprocessing = 0;
			shellPath = /bin/sh;
			shellScript = "\"${SRCROOT}/Pods/Target Support Files/Pods-GlossExample/Pods-GlossExample-resources.sh\"\n";
			showEnvVarsInLog = 0;
		};
		C037FA1074C68EBAE2B6D9B9 /* [CP] Check Pods Manifest.lock */ = {
			isa = PBXShellScriptBuildPhase;
			buildActionMask = 2147483647;
			files = (
			);
			inputPaths = (
			);
			name = "[CP] Check Pods Manifest.lock";
			outputPaths = (
			);
			runOnlyForDeploymentPostprocessing = 0;
			shellPath = /bin/sh;
			shellScript = "diff \"${PODS_PODFILE_DIR_PATH}/Podfile.lock\" \"${PODS_ROOT}/Manifest.lock\" > /dev/null\nif [ $? != 0 ] ; then\n    # print error to STDERR\n    echo \"error: The sandbox is not in sync with the Podfile.lock. Run 'pod install' or update your CocoaPods installation.\" >&2\n    exit 1\nfi\n";
			showEnvVarsInLog = 0;
		};
		D19E0ACE63372003AA0ABBD4 /* [CP] Embed Pods Frameworks */ = {
			isa = PBXShellScriptBuildPhase;
			buildActionMask = 2147483647;
			files = (
			);
			inputPaths = (
			);
			name = "[CP] Embed Pods Frameworks";
			outputPaths = (
			);
			runOnlyForDeploymentPostprocessing = 0;
			shellPath = /bin/sh;
			shellScript = "\"${SRCROOT}/Pods/Target Support Files/Pods-GlossExample/Pods-GlossExample-frameworks.sh\"\n";
			showEnvVarsInLog = 0;
		};
/* End PBXShellScriptBuildPhase section */

/* Begin PBXSourcesBuildPhase section */
		DC08B5A81B76B3ED0098D6C8 /* Sources */ = {
			isa = PBXSourcesBuildPhase;
			buildActionMask = 2147483647;
			files = (
				DC690D901B7AF1A1001338D0 /* Repo.swift in Sources */,
				DC08B5B41B76B3ED0098D6C8 /* ViewController.swift in Sources */,
				DC08B5B21B76B3ED0098D6C8 /* AppDelegate.swift in Sources */,
				DC690D921B7AF20D001338D0 /* RepoOwner.swift in Sources */,
			);
			runOnlyForDeploymentPostprocessing = 0;
		};
/* End PBXSourcesBuildPhase section */

/* Begin PBXVariantGroup section */
		DC08B5B51B76B3ED0098D6C8 /* Main.storyboard */ = {
			isa = PBXVariantGroup;
			children = (
				DC08B5B61B76B3ED0098D6C8 /* Base */,
			);
			name = Main.storyboard;
			sourceTree = "<group>";
		};
		DC08B5BA1B76B3ED0098D6C8 /* LaunchScreen.xib */ = {
			isa = PBXVariantGroup;
			children = (
				DC08B5BB1B76B3ED0098D6C8 /* Base */,
			);
			name = LaunchScreen.xib;
			sourceTree = "<group>";
		};
/* End PBXVariantGroup section */

/* Begin XCBuildConfiguration section */
		DC08B5C91B76B3ED0098D6C8 /* Debug */ = {
			isa = XCBuildConfiguration;
			buildSettings = {
				ALWAYS_SEARCH_USER_PATHS = NO;
				CLANG_CXX_LANGUAGE_STANDARD = "gnu++0x";
				CLANG_CXX_LIBRARY = "libc++";
				CLANG_ENABLE_MODULES = YES;
				CLANG_ENABLE_OBJC_ARC = YES;
				CLANG_WARN_BLOCK_CAPTURE_AUTORELEASING = YES;
				CLANG_WARN_BOOL_CONVERSION = YES;
				CLANG_WARN_COMMA = YES;
				CLANG_WARN_CONSTANT_CONVERSION = YES;
				CLANG_WARN_DIRECT_OBJC_ISA_USAGE = YES_ERROR;
				CLANG_WARN_EMPTY_BODY = YES;
				CLANG_WARN_ENUM_CONVERSION = YES;
				CLANG_WARN_INFINITE_RECURSION = YES;
				CLANG_WARN_INT_CONVERSION = YES;
				CLANG_WARN_NON_LITERAL_NULL_CONVERSION = YES;
				CLANG_WARN_OBJC_LITERAL_CONVERSION = YES;
				CLANG_WARN_OBJC_ROOT_CLASS = YES_ERROR;
				CLANG_WARN_RANGE_LOOP_ANALYSIS = YES;
				CLANG_WARN_STRICT_PROTOTYPES = YES;
				CLANG_WARN_SUSPICIOUS_MOVE = YES;
				CLANG_WARN_UNREACHABLE_CODE = YES;
				CLANG_WARN__DUPLICATE_METHOD_MATCH = YES;
				"CODE_SIGN_IDENTITY[sdk=iphoneos*]" = "iPhone Developer";
				COPY_PHASE_STRIP = NO;
				DEBUG_INFORMATION_FORMAT = "dwarf-with-dsym";
				ENABLE_STRICT_OBJC_MSGSEND = YES;
				ENABLE_TESTABILITY = YES;
				GCC_C_LANGUAGE_STANDARD = gnu99;
				GCC_DYNAMIC_NO_PIC = NO;
				GCC_NO_COMMON_BLOCKS = YES;
				GCC_OPTIMIZATION_LEVEL = 0;
				GCC_PREPROCESSOR_DEFINITIONS = (
					"DEBUG=1",
					"$(inherited)",
				);
				GCC_SYMBOLS_PRIVATE_EXTERN = NO;
				GCC_WARN_64_TO_32_BIT_CONVERSION = YES;
				GCC_WARN_ABOUT_RETURN_TYPE = YES_ERROR;
				GCC_WARN_UNDECLARED_SELECTOR = YES;
				GCC_WARN_UNINITIALIZED_AUTOS = YES_AGGRESSIVE;
				GCC_WARN_UNUSED_FUNCTION = YES;
				GCC_WARN_UNUSED_VARIABLE = YES;
				IPHONEOS_DEPLOYMENT_TARGET = 8.0;
				MTL_ENABLE_DEBUG_INFO = YES;
				ONLY_ACTIVE_ARCH = YES;
				SDKROOT = iphoneos;
				SWIFT_OPTIMIZATION_LEVEL = "-Onone";
			};
			name = Debug;
		};
		DC08B5CA1B76B3ED0098D6C8 /* Release */ = {
			isa = XCBuildConfiguration;
			buildSettings = {
				ALWAYS_SEARCH_USER_PATHS = NO;
				CLANG_CXX_LANGUAGE_STANDARD = "gnu++0x";
				CLANG_CXX_LIBRARY = "libc++";
				CLANG_ENABLE_MODULES = YES;
				CLANG_ENABLE_OBJC_ARC = YES;
				CLANG_WARN_BLOCK_CAPTURE_AUTORELEASING = YES;
				CLANG_WARN_BOOL_CONVERSION = YES;
				CLANG_WARN_COMMA = YES;
				CLANG_WARN_CONSTANT_CONVERSION = YES;
				CLANG_WARN_DIRECT_OBJC_ISA_USAGE = YES_ERROR;
				CLANG_WARN_EMPTY_BODY = YES;
				CLANG_WARN_ENUM_CONVERSION = YES;
				CLANG_WARN_INFINITE_RECURSION = YES;
				CLANG_WARN_INT_CONVERSION = YES;
				CLANG_WARN_NON_LITERAL_NULL_CONVERSION = YES;
				CLANG_WARN_OBJC_LITERAL_CONVERSION = YES;
				CLANG_WARN_OBJC_ROOT_CLASS = YES_ERROR;
				CLANG_WARN_RANGE_LOOP_ANALYSIS = YES;
				CLANG_WARN_STRICT_PROTOTYPES = YES;
				CLANG_WARN_SUSPICIOUS_MOVE = YES;
				CLANG_WARN_UNREACHABLE_CODE = YES;
				CLANG_WARN__DUPLICATE_METHOD_MATCH = YES;
				"CODE_SIGN_IDENTITY[sdk=iphoneos*]" = "iPhone Developer";
				COPY_PHASE_STRIP = NO;
				DEBUG_INFORMATION_FORMAT = "dwarf-with-dsym";
				ENABLE_NS_ASSERTIONS = NO;
				ENABLE_STRICT_OBJC_MSGSEND = YES;
				GCC_C_LANGUAGE_STANDARD = gnu99;
				GCC_NO_COMMON_BLOCKS = YES;
				GCC_WARN_64_TO_32_BIT_CONVERSION = YES;
				GCC_WARN_ABOUT_RETURN_TYPE = YES_ERROR;
				GCC_WARN_UNDECLARED_SELECTOR = YES;
				GCC_WARN_UNINITIALIZED_AUTOS = YES_AGGRESSIVE;
				GCC_WARN_UNUSED_FUNCTION = YES;
				GCC_WARN_UNUSED_VARIABLE = YES;
				IPHONEOS_DEPLOYMENT_TARGET = 8.0;
				MTL_ENABLE_DEBUG_INFO = NO;
				SDKROOT = iphoneos;
				VALIDATE_PRODUCT = YES;
			};
			name = Release;
		};
		DC08B5CC1B76B3ED0098D6C8 /* Debug */ = {
			isa = XCBuildConfiguration;
			baseConfigurationReference = 1CF68443A5AEBB8235A16A54 /* Pods-GlossExample.debug.xcconfig */;
			buildSettings = {
				ALWAYS_EMBED_SWIFT_STANDARD_LIBRARIES = YES;
				ASSETCATALOG_COMPILER_APPICON_NAME = AppIcon;
				INFOPLIST_FILE = GlossExample/Info.plist;
				LD_RUNPATH_SEARCH_PATHS = "$(inherited) @executable_path/Frameworks";
				PRODUCT_BUNDLE_IDENTIFIER = "com.harlankellaway.$(PRODUCT_NAME:rfc1034identifier)";
				PRODUCT_NAME = "$(TARGET_NAME)";
				SWIFT_VERSION = 3.0;
			};
			name = Debug;
		};
		DC08B5CD1B76B3ED0098D6C8 /* Release */ = {
			isa = XCBuildConfiguration;
			baseConfigurationReference = ED8E6DA407D0AE26300C907D /* Pods-GlossExample.release.xcconfig */;
			buildSettings = {
				ALWAYS_EMBED_SWIFT_STANDARD_LIBRARIES = YES;
				ASSETCATALOG_COMPILER_APPICON_NAME = AppIcon;
				INFOPLIST_FILE = GlossExample/Info.plist;
				LD_RUNPATH_SEARCH_PATHS = "$(inherited) @executable_path/Frameworks";
				PRODUCT_BUNDLE_IDENTIFIER = "com.harlankellaway.$(PRODUCT_NAME:rfc1034identifier)";
				PRODUCT_NAME = "$(TARGET_NAME)";
				SWIFT_OPTIMIZATION_LEVEL = "-Owholemodule";
				SWIFT_VERSION = 3.0;
			};
			name = Release;
		};
/* End XCBuildConfiguration section */

/* Begin XCConfigurationList section */
		DC08B5A71B76B3ED0098D6C8 /* Build configuration list for PBXProject "GlossExample" */ = {
			isa = XCConfigurationList;
			buildConfigurations = (
				DC08B5C91B76B3ED0098D6C8 /* Debug */,
				DC08B5CA1B76B3ED0098D6C8 /* Release */,
			);
			defaultConfigurationIsVisible = 0;
			defaultConfigurationName = Release;
		};
		DC08B5CB1B76B3ED0098D6C8 /* Build configuration list for PBXNativeTarget "GlossExample" */ = {
			isa = XCConfigurationList;
			buildConfigurations = (
				DC08B5CC1B76B3ED0098D6C8 /* Debug */,
				DC08B5CD1B76B3ED0098D6C8 /* Release */,
			);
			defaultConfigurationIsVisible = 0;
			defaultConfigurationName = Release;
		};
/* End XCConfigurationList section */
	};
	rootObject = DC08B5A41B76B3ED0098D6C8 /* Project object */;
}
