// !$*UTF8*$!
{
	archiveVersion = 1;
	classes = {
	};
	objectVersion = 46;
	objects = {

/* Begin PBXBuildFile section */
		2F3A83151C66B56200ECC4B8 /* KeyPathTests.swift in Sources */ = {isa = PBXBuildFile; fileRef = 2F3A83141C66B56200ECC4B8 /* KeyPathTests.swift */; };
		2F3A83171C66B67200ECC4B8 /* TestKeyPathModel.swift in Sources */ = {isa = PBXBuildFile; fileRef = 2F3A83161C66B67200ECC4B8 /* TestKeyPathModel.swift */; };
		2F3A83191C66B6A900ECC4B8 /* TestNestedKeyPathModel.swift in Sources */ = {isa = PBXBuildFile; fileRef = 2F3A83181C66B6A900ECC4B8 /* TestNestedKeyPathModel.swift */; };
		2F9118141C6EC8C800902B0E /* DictionaryTests.swift in Sources */ = {isa = PBXBuildFile; fileRef = 2F9118131C6EC8C800902B0E /* DictionaryTests.swift */; };
		DC08B5B21B76B3ED0098D6C8 /* AppDelegate.swift in Sources */ = {isa = PBXBuildFile; fileRef = DC08B5B11B76B3ED0098D6C8 /* AppDelegate.swift */; };
		DC08B5B41B76B3ED0098D6C8 /* ViewController.swift in Sources */ = {isa = PBXBuildFile; fileRef = DC08B5B31B76B3ED0098D6C8 /* ViewController.swift */; };
		DC08B5B71B76B3ED0098D6C8 /* Main.storyboard in Resources */ = {isa = PBXBuildFile; fileRef = DC08B5B51B76B3ED0098D6C8 /* Main.storyboard */; };
		DC08B5B91B76B3ED0098D6C8 /* Images.xcassets in Resources */ = {isa = PBXBuildFile; fileRef = DC08B5B81B76B3ED0098D6C8 /* Images.xcassets */; };
		DC08B5BC1B76B3ED0098D6C8 /* LaunchScreen.xib in Resources */ = {isa = PBXBuildFile; fileRef = DC08B5BA1B76B3ED0098D6C8 /* LaunchScreen.xib */; };
		DC690D901B7AF1A1001338D0 /* Repo.swift in Sources */ = {isa = PBXBuildFile; fileRef = DC690D8F1B7AF1A1001338D0 /* Repo.swift */; };
		DC690D921B7AF20D001338D0 /* RepoOwner.swift in Sources */ = {isa = PBXBuildFile; fileRef = DC690D911B7AF20D001338D0 /* RepoOwner.swift */; };
		DC690D951B7B1339001338D0 /* gloss_logo_tagline.png in Resources */ = {isa = PBXBuildFile; fileRef = DC690D941B7B1339001338D0 /* gloss_logo_tagline.png */; };
		DC935A3A1B811A1F0047FCA3 /* TestModel.json in Resources */ = {isa = PBXBuildFile; fileRef = DC935A391B811A1F0047FCA3 /* TestModel.json */; };
		DC935A3E1B813CA30047FCA3 /* EncoderTests.swift in Sources */ = {isa = PBXBuildFile; fileRef = DC935A3D1B813CA30047FCA3 /* EncoderTests.swift */; };
		DC935A401B813FF30047FCA3 /* GlossTests.swift in Sources */ = {isa = PBXBuildFile; fileRef = DC935A3F1B813FF30047FCA3 /* GlossTests.swift */; };
		DC935A461B8148B90047FCA3 /* OperatorTests.swift in Sources */ = {isa = PBXBuildFile; fileRef = DC935A451B8148B90047FCA3 /* OperatorTests.swift */; };
		DC9935321C67A23000BDF230 /* TestKeyPathModelCustomDelimiter.swift in Sources */ = {isa = PBXBuildFile; fileRef = DC9935311C67A23000BDF230 /* TestKeyPathModelCustomDelimiter.swift */; };
		DC9E42D51B8066D600D1792A /* DecoderTests.swift in Sources */ = {isa = PBXBuildFile; fileRef = DC9E42D41B8066D600D1792A /* DecoderTests.swift */; };
		DCD5CC4F1B88D66700AFE99B /* TestFailableModelValid.json in Resources */ = {isa = PBXBuildFile; fileRef = DCD5CC4E1B88D66700AFE99B /* TestFailableModelValid.json */; };
		DCD5CC511B88D67C00AFE99B /* TestFailableModel.swift in Sources */ = {isa = PBXBuildFile; fileRef = DCD5CC501B88D67C00AFE99B /* TestFailableModel.swift */; };
		DCD5CC531B88D73200AFE99B /* TestFailableModelInvalid.json in Resources */ = {isa = PBXBuildFile; fileRef = DCD5CC521B88D73200AFE99B /* TestFailableModelInvalid.json */; };
		DCEA3C201B80FD960022F666 /* TestModel.swift in Sources */ = {isa = PBXBuildFile; fileRef = DCEA3C1F1B80FD960022F666 /* TestModel.swift */; };
		DCEA3C221B80FDE60022F666 /* TestNestedModel.swift in Sources */ = {isa = PBXBuildFile; fileRef = DCEA3C211B80FDE60022F666 /* TestNestedModel.swift */; };
		DCF891401B86AF6B00888FB1 /* Pods_GlossExample.framework in Frameworks */ = {isa = PBXBuildFile; fileRef = DCF8913F1B86AF6B00888FB1 /* Pods_GlossExample.framework */; settings = {ATTRIBUTES = (Weak, ); }; };
		DCF891421B87488200888FB1 /* FlowObjectCreationTests.swift in Sources */ = {isa = PBXBuildFile; fileRef = DCF891411B87488200888FB1 /* FlowObjectCreationTests.swift */; };
		DCF891441B8749CE00888FB1 /* FlowObjectToJSON.swift in Sources */ = {isa = PBXBuildFile; fileRef = DCF891431B8749CE00888FB1 /* FlowObjectToJSON.swift */; };
		F0157B7C46CEF886BC8CFC43 /* Pods_GlossExample.framework in Frameworks */ = {isa = PBXBuildFile; fileRef = 371978450C13B8BC0B320144 /* Pods_GlossExample.framework */; };
/* End PBXBuildFile section */

/* Begin PBXContainerItemProxy section */
		DC08B5C21B76B3ED0098D6C8 /* PBXContainerItemProxy */ = {
			isa = PBXContainerItemProxy;
			containerPortal = DC08B5A41B76B3ED0098D6C8 /* Project object */;
			proxyType = 1;
			remoteGlobalIDString = DC08B5AB1B76B3ED0098D6C8;
			remoteInfo = GlossExample;
		};
/* End PBXContainerItemProxy section */

/* Begin PBXFileReference section */
		1CF68443A5AEBB8235A16A54 /* Pods-GlossExample.debug.xcconfig */ = {isa = PBXFileReference; includeInIndex = 1; lastKnownFileType = text.xcconfig; name = "Pods-GlossExample.debug.xcconfig"; path = "Pods/Target Support Files/Pods-GlossExample/Pods-GlossExample.debug.xcconfig"; sourceTree = "<group>"; };
		2F3A83141C66B56200ECC4B8 /* KeyPathTests.swift */ = {isa = PBXFileReference; fileEncoding = 4; lastKnownFileType = sourcecode.swift; path = KeyPathTests.swift; sourceTree = "<group>"; };
		2F3A83161C66B67200ECC4B8 /* TestKeyPathModel.swift */ = {isa = PBXFileReference; fileEncoding = 4; lastKnownFileType = sourcecode.swift; path = TestKeyPathModel.swift; sourceTree = "<group>"; };
		2F3A83181C66B6A900ECC4B8 /* TestNestedKeyPathModel.swift */ = {isa = PBXFileReference; fileEncoding = 4; lastKnownFileType = sourcecode.swift; path = TestNestedKeyPathModel.swift; sourceTree = "<group>"; };
		2F9118131C6EC8C800902B0E /* DictionaryTests.swift */ = {isa = PBXFileReference; fileEncoding = 4; lastKnownFileType = sourcecode.swift; path = DictionaryTests.swift; sourceTree = "<group>"; };
		371978450C13B8BC0B320144 /* Pods_GlossExample.framework */ = {isa = PBXFileReference; explicitFileType = wrapper.framework; includeInIndex = 0; path = Pods_GlossExample.framework; sourceTree = BUILT_PRODUCTS_DIR; };
		DC08B5AC1B76B3ED0098D6C8 /* GlossExample.app */ = {isa = PBXFileReference; explicitFileType = wrapper.application; includeInIndex = 0; path = GlossExample.app; sourceTree = BUILT_PRODUCTS_DIR; };
		DC08B5B01B76B3ED0098D6C8 /* Info.plist */ = {isa = PBXFileReference; lastKnownFileType = text.plist.xml; path = Info.plist; sourceTree = "<group>"; };
		DC08B5B11B76B3ED0098D6C8 /* AppDelegate.swift */ = {isa = PBXFileReference; lastKnownFileType = sourcecode.swift; path = AppDelegate.swift; sourceTree = "<group>"; };
		DC08B5B31B76B3ED0098D6C8 /* ViewController.swift */ = {isa = PBXFileReference; lastKnownFileType = sourcecode.swift; path = ViewController.swift; sourceTree = "<group>"; };
		DC08B5B61B76B3ED0098D6C8 /* Base */ = {isa = PBXFileReference; lastKnownFileType = file.storyboard; name = Base; path = Base.lproj/Main.storyboard; sourceTree = "<group>"; };
		DC08B5B81B76B3ED0098D6C8 /* Images.xcassets */ = {isa = PBXFileReference; lastKnownFileType = folder.assetcatalog; path = Images.xcassets; sourceTree = "<group>"; };
		DC08B5BB1B76B3ED0098D6C8 /* Base */ = {isa = PBXFileReference; lastKnownFileType = file.xib; name = Base; path = Base.lproj/LaunchScreen.xib; sourceTree = "<group>"; };
		DC08B5C11B76B3ED0098D6C8 /* GlossExampleTests.xctest */ = {isa = PBXFileReference; explicitFileType = wrapper.cfbundle; includeInIndex = 0; path = GlossExampleTests.xctest; sourceTree = BUILT_PRODUCTS_DIR; };
		DC08B5C61B76B3ED0098D6C8 /* Info.plist */ = {isa = PBXFileReference; lastKnownFileType = text.plist.xml; path = Info.plist; sourceTree = "<group>"; };
		DC690D8F1B7AF1A1001338D0 /* Repo.swift */ = {isa = PBXFileReference; fileEncoding = 4; lastKnownFileType = sourcecode.swift; path = Repo.swift; sourceTree = "<group>"; };
		DC690D911B7AF20D001338D0 /* RepoOwner.swift */ = {isa = PBXFileReference; fileEncoding = 4; lastKnownFileType = sourcecode.swift; path = RepoOwner.swift; sourceTree = "<group>"; };
		DC690D941B7B1339001338D0 /* gloss_logo_tagline.png */ = {isa = PBXFileReference; lastKnownFileType = image.png; path = gloss_logo_tagline.png; sourceTree = "<group>"; };
		DC935A391B811A1F0047FCA3 /* TestModel.json */ = {isa = PBXFileReference; fileEncoding = 4; lastKnownFileType = text.json; path = TestModel.json; sourceTree = "<group>"; };
		DC935A3D1B813CA30047FCA3 /* EncoderTests.swift */ = {isa = PBXFileReference; fileEncoding = 4; lastKnownFileType = sourcecode.swift; path = EncoderTests.swift; sourceTree = "<group>"; };
		DC935A3F1B813FF30047FCA3 /* GlossTests.swift */ = {isa = PBXFileReference; fileEncoding = 4; lastKnownFileType = sourcecode.swift; path = GlossTests.swift; sourceTree = "<group>"; };
		DC935A451B8148B90047FCA3 /* OperatorTests.swift */ = {isa = PBXFileReference; fileEncoding = 4; lastKnownFileType = sourcecode.swift; path = OperatorTests.swift; sourceTree = "<group>"; };
		DC9935311C67A23000BDF230 /* TestKeyPathModelCustomDelimiter.swift */ = {isa = PBXFileReference; fileEncoding = 4; lastKnownFileType = sourcecode.swift; path = TestKeyPathModelCustomDelimiter.swift; sourceTree = "<group>"; };
		DC9E42D41B8066D600D1792A /* DecoderTests.swift */ = {isa = PBXFileReference; fileEncoding = 4; lastKnownFileType = sourcecode.swift; path = DecoderTests.swift; sourceTree = "<group>"; };
		DCD5CC4E1B88D66700AFE99B /* TestFailableModelValid.json */ = {isa = PBXFileReference; fileEncoding = 4; lastKnownFileType = text.json; path = TestFailableModelValid.json; sourceTree = "<group>"; };
		DCD5CC501B88D67C00AFE99B /* TestFailableModel.swift */ = {isa = PBXFileReference; fileEncoding = 4; lastKnownFileType = sourcecode.swift; path = TestFailableModel.swift; sourceTree = "<group>"; };
		DCD5CC521B88D73200AFE99B /* TestFailableModelInvalid.json */ = {isa = PBXFileReference; fileEncoding = 4; lastKnownFileType = text.json; path = TestFailableModelInvalid.json; sourceTree = "<group>"; };
		DCEA3C1F1B80FD960022F666 /* TestModel.swift */ = {isa = PBXFileReference; fileEncoding = 4; lastKnownFileType = sourcecode.swift; path = TestModel.swift; sourceTree = "<group>"; };
		DCEA3C211B80FDE60022F666 /* TestNestedModel.swift */ = {isa = PBXFileReference; fileEncoding = 4; lastKnownFileType = sourcecode.swift; path = TestNestedModel.swift; sourceTree = "<group>"; };
		DCF8913F1B86AF6B00888FB1 /* Pods_GlossExample.framework */ = {isa = PBXFileReference; lastKnownFileType = wrapper.framework; name = Pods_GlossExample.framework; path = "Pods/../build/Debug-iphoneos/Pods_GlossExample.framework"; sourceTree = "<group>"; };
		DCF891411B87488200888FB1 /* FlowObjectCreationTests.swift */ = {isa = PBXFileReference; fileEncoding = 4; lastKnownFileType = sourcecode.swift; path = FlowObjectCreationTests.swift; sourceTree = "<group>"; };
		DCF891431B8749CE00888FB1 /* FlowObjectToJSON.swift */ = {isa = PBXFileReference; fileEncoding = 4; lastKnownFileType = sourcecode.swift; path = FlowObjectToJSON.swift; sourceTree = "<group>"; };
		ED8E6DA407D0AE26300C907D /* Pods-GlossExample.release.xcconfig */ = {isa = PBXFileReference; includeInIndex = 1; lastKnownFileType = text.xcconfig; name = "Pods-GlossExample.release.xcconfig"; path = "Pods/Target Support Files/Pods-GlossExample/Pods-GlossExample.release.xcconfig"; sourceTree = "<group>"; };
/* End PBXFileReference section */

/* Begin PBXFrameworksBuildPhase section */
		DC08B5A91B76B3ED0098D6C8 /* Frameworks */ = {
			isa = PBXFrameworksBuildPhase;
			buildActionMask = 2147483647;
			files = (
				F0157B7C46CEF886BC8CFC43 /* Pods_GlossExample.framework in Frameworks */,
			);
			runOnlyForDeploymentPostprocessing = 0;
		};
		DC08B5BE1B76B3ED0098D6C8 /* Frameworks */ = {
			isa = PBXFrameworksBuildPhase;
			buildActionMask = 2147483647;
			files = (
				DCF891401B86AF6B00888FB1 /* Pods_GlossExample.framework in Frameworks */,
			);
			runOnlyForDeploymentPostprocessing = 0;
		};
/* End PBXFrameworksBuildPhase section */

/* Begin PBXGroup section */
		36A8572C924B8EDFB71DDE70 /* Pods */ = {
			isa = PBXGroup;
			children = (
				1CF68443A5AEBB8235A16A54 /* Pods-GlossExample.debug.xcconfig */,
				ED8E6DA407D0AE26300C907D /* Pods-GlossExample.release.xcconfig */,
			);
			name = Pods;
			sourceTree = "<group>";
		};
		63509F10EB2766219388D381 /* Frameworks */ = {
			isa = PBXGroup;
			children = (
				DCF8913F1B86AF6B00888FB1 /* Pods_GlossExample.framework */,
				371978450C13B8BC0B320144 /* Pods_GlossExample.framework */,
			);
			name = Frameworks;
			sourceTree = "<group>";
		};
		DC08B5A31B76B3ED0098D6C8 = {
			isa = PBXGroup;
			children = (
				DC08B5AE1B76B3ED0098D6C8 /* GlossExample */,
				DC08B5C41B76B3ED0098D6C8 /* GlossExampleTests */,
				36A8572C924B8EDFB71DDE70 /* Pods */,
				63509F10EB2766219388D381 /* Frameworks */,
			);
			sourceTree = "<group>";
		};
		DC08B5AD1B76B3ED0098D6C8 /* Products */ = {
			isa = PBXGroup;
			children = (
				DC08B5AC1B76B3ED0098D6C8 /* GlossExample.app */,
				DC08B5C11B76B3ED0098D6C8 /* GlossExampleTests.xctest */,
			);
			name = Products;
			path = ..;
			sourceTree = "<group>";
		};
		DC08B5AE1B76B3ED0098D6C8 /* GlossExample */ = {
			isa = PBXGroup;
			children = (
				DC08B5B11B76B3ED0098D6C8 /* AppDelegate.swift */,
				DC690D8F1B7AF1A1001338D0 /* Repo.swift */,
				DC690D911B7AF20D001338D0 /* RepoOwner.swift */,
				DC08B5B31B76B3ED0098D6C8 /* ViewController.swift */,
				DC08B5B51B76B3ED0098D6C8 /* Main.storyboard */,
				DC08B5B81B76B3ED0098D6C8 /* Images.xcassets */,
				DC08B5BA1B76B3ED0098D6C8 /* LaunchScreen.xib */,
				DC690D931B7B1329001338D0 /* Resources */,
				DC08B5AF1B76B3ED0098D6C8 /* Supporting Files */,
			);
			path = GlossExample;
			sourceTree = "<group>";
		};
		DC08B5AF1B76B3ED0098D6C8 /* Supporting Files */ = {
			isa = PBXGroup;
			children = (
				DC08B5B01B76B3ED0098D6C8 /* Info.plist */,
			);
			name = "Supporting Files";
			sourceTree = "<group>";
		};
		DC08B5C41B76B3ED0098D6C8 /* GlossExampleTests */ = {
			isa = PBXGroup;
			children = (
				DC935A441B8148690047FCA3 /* Test Models */,
				DC9E42D41B8066D600D1792A /* DecoderTests.swift */,
				2F9118131C6EC8C800902B0E /* DictionaryTests.swift */,
				DC935A3D1B813CA30047FCA3 /* EncoderTests.swift */,
				DC935A3F1B813FF30047FCA3 /* GlossTests.swift */,
				DC935A451B8148B90047FCA3 /* OperatorTests.swift */,
				2F3A83141C66B56200ECC4B8 /* KeyPathTests.swift */,
				DCF891411B87488200888FB1 /* FlowObjectCreationTests.swift */,
				DCF891431B8749CE00888FB1 /* FlowObjectToJSON.swift */,
				DC08B5AD1B76B3ED0098D6C8 /* Products */,
				DC08B5C51B76B3ED0098D6C8 /* Supporting Files */,
			);
			path = GlossExampleTests;
			sourceTree = "<group>";
		};
		DC08B5C51B76B3ED0098D6C8 /* Supporting Files */ = {
			isa = PBXGroup;
			children = (
				DC08B5C61B76B3ED0098D6C8 /* Info.plist */,
			);
			name = "Supporting Files";
			sourceTree = "<group>";
		};
		DC690D931B7B1329001338D0 /* Resources */ = {
			isa = PBXGroup;
			children = (
				DC690D941B7B1339001338D0 /* gloss_logo_tagline.png */,
			);
			path = Resources;
			sourceTree = "<group>";
		};
		DC935A441B8148690047FCA3 /* Test Models */ = {
			isa = PBXGroup;
			children = (
				DC935A391B811A1F0047FCA3 /* TestModel.json */,
				DCD5CC4E1B88D66700AFE99B /* TestFailableModelValid.json */,
				DCD5CC521B88D73200AFE99B /* TestFailableModelInvalid.json */,
				DCEA3C1F1B80FD960022F666 /* TestModel.swift */,
				DCD5CC501B88D67C00AFE99B /* TestFailableModel.swift */,
				DCEA3C211B80FDE60022F666 /* TestNestedModel.swift */,
				2F3A83161C66B67200ECC4B8 /* TestKeyPathModel.swift */,
				2F3A83181C66B6A900ECC4B8 /* TestNestedKeyPathModel.swift */,
				DC9935311C67A23000BDF230 /* TestKeyPathModelCustomDelimiter.swift */,
			);
			name = "Test Models";
			sourceTree = "<group>";
		};
/* End PBXGroup section */

/* Begin PBXNativeTarget section */
		DC08B5AB1B76B3ED0098D6C8 /* GlossExample */ = {
			isa = PBXNativeTarget;
			buildConfigurationList = DC08B5CB1B76B3ED0098D6C8 /* Build configuration list for PBXNativeTarget "GlossExample" */;
			buildPhases = (
				C037FA1074C68EBAE2B6D9B9 /* Check Pods Manifest.lock */,
				DC08B5A81B76B3ED0098D6C8 /* Sources */,
				DC08B5A91B76B3ED0098D6C8 /* Frameworks */,
				DC08B5AA1B76B3ED0098D6C8 /* Resources */,
				D19E0ACE63372003AA0ABBD4 /* Embed Pods Frameworks */,
				835BD57B6BD17E8965AC408C /* Copy Pods Resources */,
			);
			buildRules = (
			);
			dependencies = (
			);
			name = GlossExample;
			productName = GlossExample;
			productReference = DC08B5AC1B76B3ED0098D6C8 /* GlossExample.app */;
			productType = "com.apple.product-type.application";
		};
		DC08B5C01B76B3ED0098D6C8 /* GlossExampleTests */ = {
			isa = PBXNativeTarget;
			buildConfigurationList = DC08B5CE1B76B3ED0098D6C8 /* Build configuration list for PBXNativeTarget "GlossExampleTests" */;
			buildPhases = (
				DC08B5BD1B76B3ED0098D6C8 /* Sources */,
				DC08B5BE1B76B3ED0098D6C8 /* Frameworks */,
				DC08B5BF1B76B3ED0098D6C8 /* Resources */,
			);
			buildRules = (
			);
			dependencies = (
				DC08B5C31B76B3ED0098D6C8 /* PBXTargetDependency */,
			);
			name = GlossExampleTests;
			productName = GlossExampleTests;
			productReference = DC08B5C11B76B3ED0098D6C8 /* GlossExampleTests.xctest */;
			productType = "com.apple.product-type.bundle.unit-test";
		};
/* End PBXNativeTarget section */

/* Begin PBXProject section */
		DC08B5A41B76B3ED0098D6C8 /* Project object */ = {
			isa = PBXProject;
			attributes = {
				LastSwiftMigration = 0700;
				LastSwiftUpdateCheck = 0700;
				LastUpgradeCheck = 0700;
				ORGANIZATIONNAME = "Harlan Kellaway";
				TargetAttributes = {
					DC08B5AB1B76B3ED0098D6C8 = {
						CreatedOnToolsVersion = 6.4;
					};
					DC08B5C01B76B3ED0098D6C8 = {
						CreatedOnToolsVersion = 6.4;
						TestTargetID = DC08B5AB1B76B3ED0098D6C8;
					};
				};
			};
			buildConfigurationList = DC08B5A71B76B3ED0098D6C8 /* Build configuration list for PBXProject "GlossExample" */;
			compatibilityVersion = "Xcode 3.2";
			developmentRegion = English;
			hasScannedForEncodings = 0;
			knownRegions = (
				en,
				Base,
			);
			mainGroup = DC08B5A31B76B3ED0098D6C8;
			productRefGroup = DC08B5AD1B76B3ED0098D6C8 /* Products */;
			projectDirPath = "";
			projectRoot = "";
			targets = (
				DC08B5AB1B76B3ED0098D6C8 /* GlossExample */,
				DC08B5C01B76B3ED0098D6C8 /* GlossExampleTests */,
			);
		};
/* End PBXProject section */

/* Begin PBXResourcesBuildPhase section */
		DC08B5AA1B76B3ED0098D6C8 /* Resources */ = {
			isa = PBXResourcesBuildPhase;
			buildActionMask = 2147483647;
			files = (
				DC690D951B7B1339001338D0 /* gloss_logo_tagline.png in Resources */,
				DC08B5B71B76B3ED0098D6C8 /* Main.storyboard in Resources */,
				DC08B5BC1B76B3ED0098D6C8 /* LaunchScreen.xib in Resources */,
				DC08B5B91B76B3ED0098D6C8 /* Images.xcassets in Resources */,
			);
			runOnlyForDeploymentPostprocessing = 0;
		};
		DC08B5BF1B76B3ED0098D6C8 /* Resources */ = {
			isa = PBXResourcesBuildPhase;
			buildActionMask = 2147483647;
			files = (
				DC935A3A1B811A1F0047FCA3 /* TestModel.json in Resources */,
				DCD5CC4F1B88D66700AFE99B /* TestFailableModelValid.json in Resources */,
				DCD5CC531B88D73200AFE99B /* TestFailableModelInvalid.json in Resources */,
			);
			runOnlyForDeploymentPostprocessing = 0;
		};
/* End PBXResourcesBuildPhase section */

/* Begin PBXShellScriptBuildPhase section */
		835BD57B6BD17E8965AC408C /* Copy Pods Resources */ = {
			isa = PBXShellScriptBuildPhase;
			buildActionMask = 2147483647;
			files = (
			);
			inputPaths = (
			);
			name = "Copy Pods Resources";
			outputPaths = (
			);
			runOnlyForDeploymentPostprocessing = 0;
			shellPath = /bin/sh;
			shellScript = "\"${SRCROOT}/Pods/Target Support Files/Pods-GlossExample/Pods-GlossExample-resources.sh\"\n";
			showEnvVarsInLog = 0;
		};
		C037FA1074C68EBAE2B6D9B9 /* Check Pods Manifest.lock */ = {
			isa = PBXShellScriptBuildPhase;
			buildActionMask = 2147483647;
			files = (
			);
			inputPaths = (
			);
			name = "Check Pods Manifest.lock";
			outputPaths = (
			);
			runOnlyForDeploymentPostprocessing = 0;
			shellPath = /bin/sh;
			shellScript = "diff \"${PODS_ROOT}/../Podfile.lock\" \"${PODS_ROOT}/Manifest.lock\" > /dev/null\nif [[ $? != 0 ]] ; then\n    cat << EOM\nerror: The sandbox is not in sync with the Podfile.lock. Run 'pod install' or update your CocoaPods installation.\nEOM\n    exit 1\nfi\n";
			showEnvVarsInLog = 0;
		};
		D19E0ACE63372003AA0ABBD4 /* Embed Pods Frameworks */ = {
			isa = PBXShellScriptBuildPhase;
			buildActionMask = 2147483647;
			files = (
			);
			inputPaths = (
			);
			name = "Embed Pods Frameworks";
			outputPaths = (
			);
			runOnlyForDeploymentPostprocessing = 0;
			shellPath = /bin/sh;
			shellScript = "\"${SRCROOT}/Pods/Target Support Files/Pods-GlossExample/Pods-GlossExample-frameworks.sh\"\n";
			showEnvVarsInLog = 0;
		};
/* End PBXShellScriptBuildPhase section */

/* Begin PBXSourcesBuildPhase section */
		DC08B5A81B76B3ED0098D6C8 /* Sources */ = {
			isa = PBXSourcesBuildPhase;
			buildActionMask = 2147483647;
			files = (
				DC690D901B7AF1A1001338D0 /* Repo.swift in Sources */,
				DC08B5B41B76B3ED0098D6C8 /* ViewController.swift in Sources */,
				DC08B5B21B76B3ED0098D6C8 /* AppDelegate.swift in Sources */,
				DC690D921B7AF20D001338D0 /* RepoOwner.swift in Sources */,
			);
			runOnlyForDeploymentPostprocessing = 0;
		};
		DC08B5BD1B76B3ED0098D6C8 /* Sources */ = {
			isa = PBXSourcesBuildPhase;
			buildActionMask = 2147483647;
			files = (
				DC935A3E1B813CA30047FCA3 /* EncoderTests.swift in Sources */,
				2F3A83191C66B6A900ECC4B8 /* TestNestedKeyPathModel.swift in Sources */,
				2F3A83171C66B67200ECC4B8 /* TestKeyPathModel.swift in Sources */,
				DCEA3C201B80FD960022F666 /* TestModel.swift in Sources */,
				DC9E42D51B8066D600D1792A /* DecoderTests.swift in Sources */,
				DCEA3C221B80FDE60022F666 /* TestNestedModel.swift in Sources */,
				2F3A83151C66B56200ECC4B8 /* KeyPathTests.swift in Sources */,
				DC935A401B813FF30047FCA3 /* GlossTests.swift in Sources */,
				DC9935321C67A23000BDF230 /* TestKeyPathModelCustomDelimiter.swift in Sources */,
				2F9118141C6EC8C800902B0E /* DictionaryTests.swift in Sources */,
				DCD5CC511B88D67C00AFE99B /* TestFailableModel.swift in Sources */,
				DC935A461B8148B90047FCA3 /* OperatorTests.swift in Sources */,
				DCF891421B87488200888FB1 /* FlowObjectCreationTests.swift in Sources */,
				DCF891441B8749CE00888FB1 /* FlowObjectToJSON.swift in Sources */,
			);
			runOnlyForDeploymentPostprocessing = 0;
		};
/* End PBXSourcesBuildPhase section */

/* Begin PBXTargetDependency section */
		DC08B5C31B76B3ED0098D6C8 /* PBXTargetDependency */ = {
			isa = PBXTargetDependency;
			target = DC08B5AB1B76B3ED0098D6C8 /* GlossExample */;
			targetProxy = DC08B5C21B76B3ED0098D6C8 /* PBXContainerItemProxy */;
		};
/* End PBXTargetDependency section */

/* Begin PBXVariantGroup section */
		DC08B5B51B76B3ED0098D6C8 /* Main.storyboard */ = {
			isa = PBXVariantGroup;
			children = (
				DC08B5B61B76B3ED0098D6C8 /* Base */,
			);
			name = Main.storyboard;
			sourceTree = "<group>";
		};
		DC08B5BA1B76B3ED0098D6C8 /* LaunchScreen.xib */ = {
			isa = PBXVariantGroup;
			children = (
				DC08B5BB1B76B3ED0098D6C8 /* Base */,
			);
			name = LaunchScreen.xib;
			sourceTree = "<group>";
		};
/* End PBXVariantGroup section */

/* Begin XCBuildConfiguration section */
		DC08B5C91B76B3ED0098D6C8 /* Debug */ = {
			isa = XCBuildConfiguration;
			buildSettings = {
				ALWAYS_SEARCH_USER_PATHS = NO;
				CLANG_CXX_LANGUAGE_STANDARD = "gnu++0x";
				CLANG_CXX_LIBRARY = "libc++";
				CLANG_ENABLE_MODULES = YES;
				CLANG_ENABLE_OBJC_ARC = YES;
				CLANG_WARN_BOOL_CONVERSION = YES;
				CLANG_WARN_CONSTANT_CONVERSION = YES;
				CLANG_WARN_DIRECT_OBJC_ISA_USAGE = YES_ERROR;
				CLANG_WARN_EMPTY_BODY = YES;
				CLANG_WARN_ENUM_CONVERSION = YES;
				CLANG_WARN_INT_CONVERSION = YES;
				CLANG_WARN_OBJC_ROOT_CLASS = YES_ERROR;
				CLANG_WARN_UNREACHABLE_CODE = YES;
				CLANG_WARN__DUPLICATE_METHOD_MATCH = YES;
				"CODE_SIGN_IDENTITY[sdk=iphoneos*]" = "iPhone Developer";
				COPY_PHASE_STRIP = NO;
				DEBUG_INFORMATION_FORMAT = "dwarf-with-dsym";
				ENABLE_STRICT_OBJC_MSGSEND = YES;
				ENABLE_TESTABILITY = YES;
				GCC_C_LANGUAGE_STANDARD = gnu99;
				GCC_DYNAMIC_NO_PIC = NO;
				GCC_NO_COMMON_BLOCKS = YES;
				GCC_OPTIMIZATION_LEVEL = 0;
				GCC_PREPROCESSOR_DEFINITIONS = (
					"DEBUG=1",
					"$(inherited)",
				);
				GCC_SYMBOLS_PRIVATE_EXTERN = NO;
				GCC_WARN_64_TO_32_BIT_CONVERSION = YES;
				GCC_WARN_ABOUT_RETURN_TYPE = YES_ERROR;
				GCC_WARN_UNDECLARED_SELECTOR = YES;
				GCC_WARN_UNINITIALIZED_AUTOS = YES_AGGRESSIVE;
				GCC_WARN_UNUSED_FUNCTION = YES;
				GCC_WARN_UNUSED_VARIABLE = YES;
				IPHONEOS_DEPLOYMENT_TARGET = 8.0;
				MTL_ENABLE_DEBUG_INFO = YES;
				ONLY_ACTIVE_ARCH = YES;
				SDKROOT = iphoneos;
				SWIFT_OPTIMIZATION_LEVEL = "-Onone";
			};
			name = Debug;
		};
		DC08B5CA1B76B3ED0098D6C8 /* Release */ = {
			isa = XCBuildConfiguration;
			buildSettings = {
				ALWAYS_SEARCH_USER_PATHS = NO;
				CLANG_CXX_LANGUAGE_STANDARD = "gnu++0x";
				CLANG_CXX_LIBRARY = "libc++";
				CLANG_ENABLE_MODULES = YES;
				CLANG_ENABLE_OBJC_ARC = YES;
				CLANG_WARN_BOOL_CONVERSION = YES;
				CLANG_WARN_CONSTANT_CONVERSION = YES;
				CLANG_WARN_DIRECT_OBJC_ISA_USAGE = YES_ERROR;
				CLANG_WARN_EMPTY_BODY = YES;
				CLANG_WARN_ENUM_CONVERSION = YES;
				CLANG_WARN_INT_CONVERSION = YES;
				CLANG_WARN_OBJC_ROOT_CLASS = YES_ERROR;
				CLANG_WARN_UNREACHABLE_CODE = YES;
				CLANG_WARN__DUPLICATE_METHOD_MATCH = YES;
				"CODE_SIGN_IDENTITY[sdk=iphoneos*]" = "iPhone Developer";
				COPY_PHASE_STRIP = NO;
				DEBUG_INFORMATION_FORMAT = "dwarf-with-dsym";
				ENABLE_NS_ASSERTIONS = NO;
				ENABLE_STRICT_OBJC_MSGSEND = YES;
				GCC_C_LANGUAGE_STANDARD = gnu99;
				GCC_NO_COMMON_BLOCKS = YES;
				GCC_WARN_64_TO_32_BIT_CONVERSION = YES;
				GCC_WARN_ABOUT_RETURN_TYPE = YES_ERROR;
				GCC_WARN_UNDECLARED_SELECTOR = YES;
				GCC_WARN_UNINITIALIZED_AUTOS = YES_AGGRESSIVE;
				GCC_WARN_UNUSED_FUNCTION = YES;
				GCC_WARN_UNUSED_VARIABLE = YES;
				IPHONEOS_DEPLOYMENT_TARGET = 8.0;
				MTL_ENABLE_DEBUG_INFO = NO;
				SDKROOT = iphoneos;
				VALIDATE_PRODUCT = YES;
			};
			name = Release;
		};
		DC08B5CC1B76B3ED0098D6C8 /* Debug */ = {
			isa = XCBuildConfiguration;
			baseConfigurationReference = 1CF68443A5AEBB8235A16A54 /* Pods-GlossExample.debug.xcconfig */;
			buildSettings = {
				ASSETCATALOG_COMPILER_APPICON_NAME = AppIcon;
				INFOPLIST_FILE = GlossExample/Info.plist;
				LD_RUNPATH_SEARCH_PATHS = "$(inherited) @executable_path/Frameworks";
				PRODUCT_BUNDLE_IDENTIFIER = "com.harlankellaway.$(PRODUCT_NAME:rfc1034identifier)";
				PRODUCT_NAME = "$(TARGET_NAME)";
			};
			name = Debug;
		};
		DC08B5CD1B76B3ED0098D6C8 /* Release */ = {
			isa = XCBuildConfiguration;
			baseConfigurationReference = ED8E6DA407D0AE26300C907D /* Pods-GlossExample.release.xcconfig */;
			buildSettings = {
				ASSETCATALOG_COMPILER_APPICON_NAME = AppIcon;
				INFOPLIST_FILE = GlossExample/Info.plist;
				LD_RUNPATH_SEARCH_PATHS = "$(inherited) @executable_path/Frameworks";
				PRODUCT_BUNDLE_IDENTIFIER = "com.harlankellaway.$(PRODUCT_NAME:rfc1034identifier)";
				PRODUCT_NAME = "$(TARGET_NAME)";
			};
			name = Release;
		};
		DC08B5CF1B76B3ED0098D6C8 /* Debug */ = {
			isa = XCBuildConfiguration;
			baseConfigurationReference = 1CF68443A5AEBB8235A16A54 /* Pods-GlossExample.debug.xcconfig */;
			buildSettings = {
				FRAMEWORK_SEARCH_PATHS = (
					"$(SDKROOT)/Developer/Library/Frameworks",
					"$(inherited)",
					"$(PROJECT_DIR)/build/Debug-iphoneos",
				);
				GCC_PREPROCESSOR_DEFINITIONS = (
					"DEBUG=1",
					"$(inherited)",
				);
				INFOPLIST_FILE = GlossExampleTests/Info.plist;
				LD_RUNPATH_SEARCH_PATHS = "$(inherited) @executable_path/Frameworks @loader_path/Frameworks";
				PRODUCT_BUNDLE_IDENTIFIER = "com.harlankellaway.$(PRODUCT_NAME:rfc1034identifier)";
				PRODUCT_NAME = "$(TARGET_NAME)";
				TEST_HOST = "$(BUILT_PRODUCTS_DIR)/GlossExample.app/GlossExample";
			};
			name = Debug;
		};
		DC08B5D01B76B3ED0098D6C8 /* Release */ = {
			isa = XCBuildConfiguration;
			baseConfigurationReference = 1CF68443A5AEBB8235A16A54 /* Pods-GlossExample.debug.xcconfig */;
			buildSettings = {
				FRAMEWORK_SEARCH_PATHS = (
					"$(SDKROOT)/Developer/Library/Frameworks",
					"$(inherited)",
					"$(PROJECT_DIR)/build/Debug-iphoneos",
				);
				INFOPLIST_FILE = GlossExampleTests/Info.plist;
				LD_RUNPATH_SEARCH_PATHS = "$(inherited) @executable_path/Frameworks @loader_path/Frameworks";
				PRODUCT_BUNDLE_IDENTIFIER = "com.harlankellaway.$(PRODUCT_NAME:rfc1034identifier)";
				PRODUCT_NAME = "$(TARGET_NAME)";
				TEST_HOST = "$(BUILT_PRODUCTS_DIR)/GlossExample.app/GlossExample";
			};
			name = Release;
		};
/* End XCBuildConfiguration section */

/* Begin XCConfigurationList section */
		DC08B5A71B76B3ED0098D6C8 /* Build configuration list for PBXProject "GlossExample" */ = {
			isa = XCConfigurationList;
			buildConfigurations = (
				DC08B5C91B76B3ED0098D6C8 /* Debug */,
				DC08B5CA1B76B3ED0098D6C8 /* Release */,
			);
			defaultConfigurationIsVisible = 0;
			defaultConfigurationName = Release;
		};
		DC08B5CB1B76B3ED0098D6C8 /* Build configuration list for PBXNativeTarget "GlossExample" */ = {
			isa = XCConfigurationList;
			buildConfigurations = (
				DC08B5CC1B76B3ED0098D6C8 /* Debug */,
				DC08B5CD1B76B3ED0098D6C8 /* Release */,
			);
			defaultConfigurationIsVisible = 0;
			defaultConfigurationName = Release;
		};
		DC08B5CE1B76B3ED0098D6C8 /* Build configuration list for PBXNativeTarget "GlossExampleTests" */ = {
			isa = XCConfigurationList;
			buildConfigurations = (
				DC08B5CF1B76B3ED0098D6C8 /* Debug */,
				DC08B5D01B76B3ED0098D6C8 /* Release */,
			);
			defaultConfigurationIsVisible = 0;
			defaultConfigurationName = Release;
		};
/* End XCConfigurationList section */
	};
	rootObject = DC08B5A41B76B3ED0098D6C8 /* Project object */;
}
