PODS:
  - Gloss (0.0.1)

DEPENDENCIES:
  - Gloss (from `https://github.com/hkellaway/Gloss.git`, tag `0.0.1`)

EXTERNAL SOURCES:
  Gloss:
    :git: https://github.com/hkellaway/Gloss.git
    :tag: 0.0.1

CHECKOUT OPTIONS:
  Gloss:
    :git: https://github.com/hkellaway/Gloss.git
    :tag: 0.0.1

SPEC CHECKSUMS:
  Gloss: 7c337be095fdea1a15dc3562976aa5e0d75e358c

COCOAPODS: 0.37.2
