PODS:
  - Gloss (0.5.0)

DEPENDENCIES:
  - Gloss (from `https://github.com/hkellaway/Gloss.git`, branch `feature/carthage`)

EXTERNAL SOURCES:
  Gloss:
    :branch: feature/carthage
    :git: https://github.com/hkellaway/Gloss.git

CHECKOUT OPTIONS:
  Gloss:
    :commit: 6dd452c9286560c4170c77ad64a1c67a7a822fc4
    :git: https://github.com/hkellaway/Gloss.git

SPEC CHECKSUMS:
  Gloss: f78e373f42ad83125c44926b00b0a5def52fd2cf

COCOAPODS: 0.37.2
